
Microsoft Visual Studio Solution File, Format Version 12.00
# Visual Studio 14
VisualStudioVersion = 14.0.25420.1
MinimumVisualStudioVersion = 10.0.40219.1

Project("{9092AA53-FB77-4645-B42D-1CCCA6BD08BD}") = "AutheticationApiTS", "AutheticationApiTS\AutheticationApiTS.njsproj", "{F63BCE03-FF21-4BCA-B257-0617E924F09D}"
EndProject
Project("{9092AA53-FB77-4645-B42D-1CCCA6BD08BD}") = "RideShareApi2", "RideShareApi2\RideShareApi2.njsproj", "{94B811BF-F570-4310-B86C-D09655A9FECF}"
EndProject
Global
	GlobalSection(SolutionConfigurationPlatforms) = preSolution
		Ad-Hoc|Any CPU = Ad-Hoc|Any CPU
		Ad-Hoc|ARM = Ad-Hoc|ARM
		Ad-Hoc|iPhone = Ad-Hoc|iPhone
		Ad-Hoc|iPhoneSimulator = Ad-Hoc|iPhoneSimulator
		Ad-Hoc|x64 = Ad-Hoc|x64
		Ad-Hoc|x86 = Ad-Hoc|x86
		AppStore|Any CPU = AppStore|Any CPU
		AppStore|ARM = AppStore|ARM
		AppStore|iPhone = AppStore|iPhone
		AppStore|iPhoneSimulator = AppStore|iPhoneSimulator
		AppStore|x64 = AppStore|x64
		AppStore|x86 = AppStore|x86
		Debug|Any CPU = Debug|Any CPU
		Debug|ARM = Debug|ARM
		Debug|iPhone = Debug|iPhone
		Debug|iPhoneSimulator = Debug|iPhoneSimulator
		Debug|x64 = Debug|x64
		Debug|x86 = Debug|x86
		Release|Any CPU = Release|Any CPU
		Release|ARM = Release|ARM
		Release|iPhone = Release|iPhone
		Release|iPhoneSimulator = Release|iPhoneSimulator
		Release|x64 = Release|x64
		Release|x86 = Release|x86
	EndGlobalSection
	GlobalSection(ProjectConfigurationPlatforms) = postSolution
		{897AF7D2-8EA2-4881-BB70-481D27DDD8FB}.Ad-Hoc|Any CPU.ActiveCfg = Release|Any CPU
		{897AF7D2-8EA2-4881-BB70-481D27DDD8FB}.Ad-Hoc|Any CPU.Build.0 = Release|Any CPU
		{897AF7D2-8EA2-4881-BB70-481D27DDD8FB}.Ad-Hoc|Any CPU.Deploy.0 = Release|Any CPU
		{897AF7D2-8EA2-4881-BB70-481D27DDD8FB}.Ad-Hoc|ARM.ActiveCfg = Release|Any CPU
		{897AF7D2-8EA2-4881-BB70-481D27DDD8FB}.Ad-Hoc|ARM.Build.0 = Release|Any CPU
		{897AF7D2-8EA2-4881-BB70-481D27DDD8FB}.Ad-Hoc|ARM.Deploy.0 = Release|Any CPU
		{897AF7D2-8EA2-4881-BB70-481D27DDD8FB}.Ad-Hoc|iPhone.ActiveCfg = Release|Any CPU
		{897AF7D2-8EA2-4881-BB70-481D27DDD8FB}.Ad-Hoc|iPhone.Build.0 = Release|Any CPU
		{897AF7D2-8EA2-4881-BB70-481D27DDD8FB}.Ad-Hoc|iPhone.Deploy.0 = Release|Any CPU
		{897AF7D2-8EA2-4881-BB70-481D27DDD8FB}.Ad-Hoc|iPhoneSimulator.ActiveCfg = Release|Any CPU
		{897AF7D2-8EA2-4881-BB70-481D27DDD8FB}.Ad-Hoc|iPhoneSimulator.Build.0 = Release|Any CPU
		{897AF7D2-8EA2-4881-BB70-481D27DDD8FB}.Ad-Hoc|iPhoneSimulator.Deploy.0 = Release|Any CPU
		{897AF7D2-8EA2-4881-BB70-481D27DDD8FB}.Ad-Hoc|x64.ActiveCfg = Release|Any CPU
		{897AF7D2-8EA2-4881-BB70-481D27DDD8FB}.Ad-Hoc|x64.Build.0 = Release|Any CPU
		{897AF7D2-8EA2-4881-BB70-481D27DDD8FB}.Ad-Hoc|x64.Deploy.0 = Release|Any CPU
		{897AF7D2-8EA2-4881-BB70-481D27DDD8FB}.Ad-Hoc|x86.ActiveCfg = Release|Any CPU
		{897AF7D2-8EA2-4881-BB70-481D27DDD8FB}.Ad-Hoc|x86.Build.0 = Release|Any CPU
		{897AF7D2-8EA2-4881-BB70-481D27DDD8FB}.Ad-Hoc|x86.Deploy.0 = Release|Any CPU
		{897AF7D2-8EA2-4881-BB70-481D27DDD8FB}.AppStore|Any CPU.ActiveCfg = Release|Any CPU
		{897AF7D2-8EA2-4881-BB70-481D27DDD8FB}.AppStore|Any CPU.Build.0 = Release|Any CPU
		{897AF7D2-8EA2-4881-BB70-481D27DDD8FB}.AppStore|Any CPU.Deploy.0 = Release|Any CPU
		{897AF7D2-8EA2-4881-BB70-481D27DDD8FB}.AppStore|ARM.ActiveCfg = Release|Any CPU
		{897AF7D2-8EA2-4881-BB70-481D27DDD8FB}.AppStore|ARM.Build.0 = Release|Any CPU
		{897AF7D2-8EA2-4881-BB70-481D27DDD8FB}.AppStore|ARM.Deploy.0 = Release|Any CPU
		{897AF7D2-8EA2-4881-BB70-481D27DDD8FB}.AppStore|iPhone.ActiveCfg = Release|Any CPU
		{897AF7D2-8EA2-4881-BB70-481D27DDD8FB}.AppStore|iPhone.Build.0 = Release|Any CPU
		{897AF7D2-8EA2-4881-BB70-481D27DDD8FB}.AppStore|iPhone.Deploy.0 = Release|Any CPU
		{897AF7D2-8EA2-4881-BB70-481D27DDD8FB}.AppStore|iPhoneSimulator.ActiveCfg = Release|Any CPU
		{897AF7D2-8EA2-4881-BB70-481D27DDD8FB}.AppStore|iPhoneSimulator.Build.0 = Release|Any CPU
		{897AF7D2-8EA2-4881-BB70-481D27DDD8FB}.AppStore|iPhoneSimulator.Deploy.0 = Release|Any CPU
		{897AF7D2-8EA2-4881-BB70-481D27DDD8FB}.AppStore|x64.ActiveCfg = Release|Any CPU
		{897AF7D2-8EA2-4881-BB70-481D27DDD8FB}.AppStore|x64.Build.0 = Release|Any CPU
		{897AF7D2-8EA2-4881-BB70-481D27DDD8FB}.AppStore|x64.Deploy.0 = Release|Any CPU
		{897AF7D2-8EA2-4881-BB70-481D27DDD8FB}.AppStore|x86.ActiveCfg = Release|Any CPU
		{897AF7D2-8EA2-4881-BB70-481D27DDD8FB}.AppStore|x86.Build.0 = Release|Any CPU
		{897AF7D2-8EA2-4881-BB70-481D27DDD8FB}.AppStore|x86.Deploy.0 = Release|Any CPU
		{897AF7D2-8EA2-4881-BB70-481D27DDD8FB}.Debug|Any CPU.ActiveCfg = Debug|Any CPU
		{897AF7D2-8EA2-4881-BB70-481D27DDD8FB}.Debug|Any CPU.Build.0 = Debug|Any CPU
		{897AF7D2-8EA2-4881-BB70-481D27DDD8FB}.Debug|Any CPU.Deploy.0 = Debug|Any CPU
		{897AF7D2-8EA2-4881-BB70-481D27DDD8FB}.Debug|ARM.ActiveCfg = Debug|Any CPU
		{897AF7D2-8EA2-4881-BB70-481D27DDD8FB}.Debug|ARM.Build.0 = Debug|Any CPU
		{897AF7D2-8EA2-4881-BB70-481D27DDD8FB}.Debug|ARM.Deploy.0 = Debug|Any CPU
		{897AF7D2-8EA2-4881-BB70-481D27DDD8FB}.Debug|iPhone.ActiveCfg = Debug|Any CPU
		{897AF7D2-8EA2-4881-BB70-481D27DDD8FB}.Debug|iPhone.Build.0 = Debug|Any CPU
		{897AF7D2-8EA2-4881-BB70-481D27DDD8FB}.Debug|iPhone.Deploy.0 = Debug|Any CPU
		{897AF7D2-8EA2-4881-BB70-481D27DDD8FB}.Debug|iPhoneSimulator.ActiveCfg = Debug|Any CPU
		{897AF7D2-8EA2-4881-BB70-481D27DDD8FB}.Debug|iPhoneSimulator.Build.0 = Debug|Any CPU
		{897AF7D2-8EA2-4881-BB70-481D27DDD8FB}.Debug|iPhoneSimulator.Deploy.0 = Debug|Any CPU
		{897AF7D2-8EA2-4881-BB70-481D27DDD8FB}.Debug|x64.ActiveCfg = Debug|Any CPU
		{897AF7D2-8EA2-4881-BB70-481D27DDD8FB}.Debug|x64.Build.0 = Debug|Any CPU
		{897AF7D2-8EA2-4881-BB70-481D27DDD8FB}.Debug|x64.Deploy.0 = Debug|Any CPU
		{897AF7D2-8EA2-4881-BB70-481D27DDD8FB}.Debug|x86.ActiveCfg = Debug|Any CPU
		{897AF7D2-8EA2-4881-BB70-481D27DDD8FB}.Debug|x86.Build.0 = Debug|Any CPU
		{897AF7D2-8EA2-4881-BB70-481D27DDD8FB}.Debug|x86.Deploy.0 = Debug|Any CPU
		{897AF7D2-8EA2-4881-BB70-481D27DDD8FB}.Release|Any CPU.ActiveCfg = Release|Any CPU
		{897AF7D2-8EA2-4881-BB70-481D27DDD8FB}.Release|Any CPU.Build.0 = Release|Any CPU
		{897AF7D2-8EA2-4881-BB70-481D27DDD8FB}.Release|Any CPU.Deploy.0 = Release|Any CPU
		{897AF7D2-8EA2-4881-BB70-481D27DDD8FB}.Release|ARM.ActiveCfg = Release|Any CPU
		{897AF7D2-8EA2-4881-BB70-481D27DDD8FB}.Release|ARM.Build.0 = Release|Any CPU
		{897AF7D2-8EA2-4881-BB70-481D27DDD8FB}.Release|ARM.Deploy.0 = Release|Any CPU
		{897AF7D2-8EA2-4881-BB70-481D27DDD8FB}.Release|iPhone.ActiveCfg = Release|Any CPU
		{897AF7D2-8EA2-4881-BB70-481D27DDD8FB}.Release|iPhone.Build.0 = Release|Any CPU
		{897AF7D2-8EA2-4881-BB70-481D27DDD8FB}.Release|iPhone.Deploy.0 = Release|Any CPU
		{897AF7D2-8EA2-4881-BB70-481D27DDD8FB}.Release|iPhoneSimulator.ActiveCfg = Release|Any CPU
		{897AF7D2-8EA2-4881-BB70-481D27DDD8FB}.Release|iPhoneSimulator.Build.0 = Release|Any CPU
		{897AF7D2-8EA2-4881-BB70-481D27DDD8FB}.Release|iPhoneSimulator.Deploy.0 = Release|Any CPU
		{897AF7D2-8EA2-4881-BB70-481D27DDD8FB}.Release|x64.ActiveCfg = Release|Any CPU
		{897AF7D2-8EA2-4881-BB70-481D27DDD8FB}.Release|x64.Build.0 = Release|Any CPU
		{897AF7D2-8EA2-4881-BB70-481D27DDD8FB}.Release|x64.Deploy.0 = Release|Any CPU
		{897AF7D2-8EA2-4881-BB70-481D27DDD8FB}.Release|x86.ActiveCfg = Release|Any CPU
		{897AF7D2-8EA2-4881-BB70-481D27DDD8FB}.Release|x86.Build.0 = Release|Any CPU
		{897AF7D2-8EA2-4881-BB70-481D27DDD8FB}.Release|x86.Deploy.0 = Release|Any CPU
		{9968FB5D-72ED-412F-8F64-5B3A955E5413}.Ad-Hoc|Any CPU.ActiveCfg = Release|Any CPU
		{9968FB5D-72ED-412F-8F64-5B3A955E5413}.Ad-Hoc|Any CPU.Build.0 = Release|Any CPU
		{9968FB5D-72ED-412F-8F64-5B3A955E5413}.Ad-Hoc|ARM.ActiveCfg = Release|Any CPU
		{9968FB5D-72ED-412F-8F64-5B3A955E5413}.Ad-Hoc|ARM.Build.0 = Release|Any CPU
		{9968FB5D-72ED-412F-8F64-5B3A955E5413}.Ad-Hoc|iPhone.ActiveCfg = Release|Any CPU
		{9968FB5D-72ED-412F-8F64-5B3A955E5413}.Ad-Hoc|iPhone.Build.0 = Release|Any CPU
		{9968FB5D-72ED-412F-8F64-5B3A955E5413}.Ad-Hoc|iPhoneSimulator.ActiveCfg = Release|Any CPU
		{9968FB5D-72ED-412F-8F64-5B3A955E5413}.Ad-Hoc|iPhoneSimulator.Build.0 = Release|Any CPU
		{9968FB5D-72ED-412F-8F64-5B3A955E5413}.Ad-Hoc|x64.ActiveCfg = Release|Any CPU
		{9968FB5D-72ED-412F-8F64-5B3A955E5413}.Ad-Hoc|x64.Build.0 = Release|Any CPU
		{9968FB5D-72ED-412F-8F64-5B3A955E5413}.Ad-Hoc|x86.ActiveCfg = Release|Any CPU
		{9968FB5D-72ED-412F-8F64-5B3A955E5413}.Ad-Hoc|x86.Build.0 = Release|Any CPU
		{9968FB5D-72ED-412F-8F64-5B3A955E5413}.AppStore|Any CPU.ActiveCfg = Release|Any CPU
		{9968FB5D-72ED-412F-8F64-5B3A955E5413}.AppStore|Any CPU.Build.0 = Release|Any CPU
		{9968FB5D-72ED-412F-8F64-5B3A955E5413}.AppStore|ARM.ActiveCfg = Release|Any CPU
		{9968FB5D-72ED-412F-8F64-5B3A955E5413}.AppStore|ARM.Build.0 = Release|Any CPU
		{9968FB5D-72ED-412F-8F64-5B3A955E5413}.AppStore|iPhone.ActiveCfg = Release|Any CPU
		{9968FB5D-72ED-412F-8F64-5B3A955E5413}.AppStore|iPhone.Build.0 = Release|Any CPU
		{9968FB5D-72ED-412F-8F64-5B3A955E5413}.AppStore|iPhoneSimulator.ActiveCfg = Release|Any CPU
		{9968FB5D-72ED-412F-8F64-5B3A955E5413}.AppStore|iPhoneSimulator.Build.0 = Release|Any CPU
		{9968FB5D-72ED-412F-8F64-5B3A955E5413}.AppStore|x64.ActiveCfg = Release|Any CPU
		{9968FB5D-72ED-412F-8F64-5B3A955E5413}.AppStore|x64.Build.0 = Release|Any CPU
		{9968FB5D-72ED-412F-8F64-5B3A955E5413}.AppStore|x86.ActiveCfg = Release|Any CPU
		{9968FB5D-72ED-412F-8F64-5B3A955E5413}.AppStore|x86.Build.0 = Release|Any CPU
		{9968FB5D-72ED-412F-8F64-5B3A955E5413}.Debug|Any CPU.ActiveCfg = Debug|Any CPU
		{9968FB5D-72ED-412F-8F64-5B3A955E5413}.Debug|Any CPU.Build.0 = Debug|Any CPU
		{9968FB5D-72ED-412F-8F64-5B3A955E5413}.Debug|ARM.ActiveCfg = Debug|Any CPU
		{9968FB5D-72ED-412F-8F64-5B3A955E5413}.Debug|ARM.Build.0 = Debug|Any CPU
		{9968FB5D-72ED-412F-8F64-5B3A955E5413}.Debug|iPhone.ActiveCfg = Debug|Any CPU
		{9968FB5D-72ED-412F-8F64-5B3A955E5413}.Debug|iPhone.Build.0 = Debug|Any CPU
		{9968FB5D-72ED-412F-8F64-5B3A955E5413}.Debug|iPhoneSimulator.ActiveCfg = Debug|Any CPU
		{9968FB5D-72ED-412F-8F64-5B3A955E5413}.Debug|iPhoneSimulator.Build.0 = Debug|Any CPU
		{9968FB5D-72ED-412F-8F64-5B3A955E5413}.Debug|x64.ActiveCfg = Debug|Any CPU
		{9968FB5D-72ED-412F-8F64-5B3A955E5413}.Debug|x64.Build.0 = Debug|Any CPU
		{9968FB5D-72ED-412F-8F64-5B3A955E5413}.Debug|x86.ActiveCfg = Debug|Any CPU
		{9968FB5D-72ED-412F-8F64-5B3A955E5413}.Debug|x86.Build.0 = Debug|Any CPU
		{9968FB5D-72ED-412F-8F64-5B3A955E5413}.Release|Any CPU.ActiveCfg = Release|Any CPU
		{9968FB5D-72ED-412F-8F64-5B3A955E5413}.Release|Any CPU.Build.0 = Release|Any CPU
		{9968FB5D-72ED-412F-8F64-5B3A955E5413}.Release|ARM.ActiveCfg = Release|Any CPU
		{9968FB5D-72ED-412F-8F64-5B3A955E5413}.Release|ARM.Build.0 = Release|Any CPU
		{9968FB5D-72ED-412F-8F64-5B3A955E5413}.Release|iPhone.ActiveCfg = Release|Any CPU
		{9968FB5D-72ED-412F-8F64-5B3A955E5413}.Release|iPhone.Build.0 = Release|Any CPU
		{9968FB5D-72ED-412F-8F64-5B3A955E5413}.Release|iPhoneSimulator.ActiveCfg = Release|Any CPU
		{9968FB5D-72ED-412F-8F64-5B3A955E5413}.Release|iPhoneSimulator.Build.0 = Release|Any CPU
		{9968FB5D-72ED-412F-8F64-5B3A955E5413}.Release|x64.ActiveCfg = Release|Any CPU
		{9968FB5D-72ED-412F-8F64-5B3A955E5413}.Release|x64.Build.0 = Release|Any CPU
		{9968FB5D-72ED-412F-8F64-5B3A955E5413}.Release|x86.ActiveCfg = Release|Any CPU
		{9968FB5D-72ED-412F-8F64-5B3A955E5413}.Release|x86.Build.0 = Release|Any CPU
		{F63BCE03-FF21-4BCA-B257-0617E924F09D}.Ad-Hoc|Any CPU.ActiveCfg = Release|Any CPU
		{F63BCE03-FF21-4BCA-B257-0617E924F09D}.Ad-Hoc|Any CPU.Build.0 = Release|Any CPU
		{F63BCE03-FF21-4BCA-B257-0617E924F09D}.Ad-Hoc|ARM.ActiveCfg = Release|Any CPU
		{F63BCE03-FF21-4BCA-B257-0617E924F09D}.Ad-Hoc|ARM.Build.0 = Release|Any CPU
		{F63BCE03-FF21-4BCA-B257-0617E924F09D}.Ad-Hoc|iPhone.ActiveCfg = Release|Any CPU
		{F63BCE03-FF21-4BCA-B257-0617E924F09D}.Ad-Hoc|iPhone.Build.0 = Release|Any CPU
		{F63BCE03-FF21-4BCA-B257-0617E924F09D}.Ad-Hoc|iPhoneSimulator.ActiveCfg = Release|Any CPU
		{F63BCE03-FF21-4BCA-B257-0617E924F09D}.Ad-Hoc|iPhoneSimulator.Build.0 = Release|Any CPU
		{F63BCE03-FF21-4BCA-B257-0617E924F09D}.Ad-Hoc|x64.ActiveCfg = Release|Any CPU
		{F63BCE03-FF21-4BCA-B257-0617E924F09D}.Ad-Hoc|x64.Build.0 = Release|Any CPU
		{F63BCE03-FF21-4BCA-B257-0617E924F09D}.Ad-Hoc|x86.ActiveCfg = Release|Any CPU
		{F63BCE03-FF21-4BCA-B257-0617E924F09D}.Ad-Hoc|x86.Build.0 = Release|Any CPU
		{F63BCE03-FF21-4BCA-B257-0617E924F09D}.AppStore|Any CPU.ActiveCfg = Release|Any CPU
		{F63BCE03-FF21-4BCA-B257-0617E924F09D}.AppStore|Any CPU.Build.0 = Release|Any CPU
		{F63BCE03-FF21-4BCA-B257-0617E924F09D}.AppStore|ARM.ActiveCfg = Release|Any CPU
		{F63BCE03-FF21-4BCA-B257-0617E924F09D}.AppStore|ARM.Build.0 = Release|Any CPU
		{F63BCE03-FF21-4BCA-B257-0617E924F09D}.AppStore|iPhone.ActiveCfg = Release|Any CPU
		{F63BCE03-FF21-4BCA-B257-0617E924F09D}.AppStore|iPhone.Build.0 = Release|Any CPU
		{F63BCE03-FF21-4BCA-B257-0617E924F09D}.AppStore|iPhoneSimulator.ActiveCfg = Release|Any CPU
		{F63BCE03-FF21-4BCA-B257-0617E924F09D}.AppStore|iPhoneSimulator.Build.0 = Release|Any CPU
		{F63BCE03-FF21-4BCA-B257-0617E924F09D}.AppStore|x64.ActiveCfg = Release|Any CPU
		{F63BCE03-FF21-4BCA-B257-0617E924F09D}.AppStore|x64.Build.0 = Release|Any CPU
		{F63BCE03-FF21-4BCA-B257-0617E924F09D}.AppStore|x86.ActiveCfg = Release|Any CPU
		{F63BCE03-FF21-4BCA-B257-0617E924F09D}.AppStore|x86.Build.0 = Release|Any CPU
		{F63BCE03-FF21-4BCA-B257-0617E924F09D}.Debug|Any CPU.ActiveCfg = Debug|Any CPU
		{F63BCE03-FF21-4BCA-B257-0617E924F09D}.Debug|Any CPU.Build.0 = Debug|Any CPU
		{F63BCE03-FF21-4BCA-B257-0617E924F09D}.Debug|ARM.ActiveCfg = Debug|Any CPU
		{F63BCE03-FF21-4BCA-B257-0617E924F09D}.Debug|ARM.Build.0 = Debug|Any CPU
		{F63BCE03-FF21-4BCA-B257-0617E924F09D}.Debug|iPhone.ActiveCfg = Debug|Any CPU
		{F63BCE03-FF21-4BCA-B257-0617E924F09D}.Debug|iPhone.Build.0 = Debug|Any CPU
		{F63BCE03-FF21-4BCA-B257-0617E924F09D}.Debug|iPhoneSimulator.ActiveCfg = Debug|Any CPU
		{F63BCE03-FF21-4BCA-B257-0617E924F09D}.Debug|iPhoneSimulator.Build.0 = Debug|Any CPU
		{F63BCE03-FF21-4BCA-B257-0617E924F09D}.Debug|x64.ActiveCfg = Debug|Any CPU
		{F63BCE03-FF21-4BCA-B257-0617E924F09D}.Debug|x64.Build.0 = Debug|Any CPU
		{F63BCE03-FF21-4BCA-B257-0617E924F09D}.Debug|x86.ActiveCfg = Debug|Any CPU
		{F63BCE03-FF21-4BCA-B257-0617E924F09D}.Debug|x86.Build.0 = Debug|Any CPU
		{F63BCE03-FF21-4BCA-B257-0617E924F09D}.Release|Any CPU.ActiveCfg = Release|Any CPU
		{F63BCE03-FF21-4BCA-B257-0617E924F09D}.Release|Any CPU.Build.0 = Release|Any CPU
		{F63BCE03-FF21-4BCA-B257-0617E924F09D}.Release|ARM.ActiveCfg = Release|Any CPU
		{F63BCE03-FF21-4BCA-B257-0617E924F09D}.Release|ARM.Build.0 = Release|Any CPU
		{F63BCE03-FF21-4BCA-B257-0617E924F09D}.Release|iPhone.ActiveCfg = Release|Any CPU
		{F63BCE03-FF21-4BCA-B257-0617E924F09D}.Release|iPhone.Build.0 = Release|Any CPU
		{F63BCE03-FF21-4BCA-B257-0617E924F09D}.Release|iPhoneSimulator.ActiveCfg = Release|Any CPU
		{F63BCE03-FF21-4BCA-B257-0617E924F09D}.Release|iPhoneSimulator.Build.0 = Release|Any CPU
		{F63BCE03-FF21-4BCA-B257-0617E924F09D}.Release|x64.ActiveCfg = Release|Any CPU
		{F63BCE03-FF21-4BCA-B257-0617E924F09D}.Release|x64.Build.0 = Release|Any CPU
		{F63BCE03-FF21-4BCA-B257-0617E924F09D}.Release|x86.ActiveCfg = Release|Any CPU
		{F63BCE03-FF21-4BCA-B257-0617E924F09D}.Release|x86.Build.0 = Release|Any CPU
		{50076681-3661-4E95-9F18-E37BC74D82B6}.Ad-Hoc|Any CPU.ActiveCfg = Release|Any CPU
		{50076681-3661-4E95-9F18-E37BC74D82B6}.Ad-Hoc|Any CPU.Build.0 = Release|Any CPU
		{50076681-3661-4E95-9F18-E37BC74D82B6}.Ad-Hoc|ARM.ActiveCfg = Release|Any CPU
		{50076681-3661-4E95-9F18-E37BC74D82B6}.Ad-Hoc|ARM.Build.0 = Release|Any CPU
		{50076681-3661-4E95-9F18-E37BC74D82B6}.Ad-Hoc|iPhone.ActiveCfg = Release|Any CPU
		{50076681-3661-4E95-9F18-E37BC74D82B6}.Ad-Hoc|iPhone.Build.0 = Release|Any CPU
		{50076681-3661-4E95-9F18-E37BC74D82B6}.Ad-Hoc|iPhoneSimulator.ActiveCfg = Release|Any CPU
		{50076681-3661-4E95-9F18-E37BC74D82B6}.Ad-Hoc|iPhoneSimulator.Build.0 = Release|Any CPU
		{50076681-3661-4E95-9F18-E37BC74D82B6}.Ad-Hoc|x64.ActiveCfg = Release|Any CPU
		{50076681-3661-4E95-9F18-E37BC74D82B6}.Ad-Hoc|x64.Build.0 = Release|Any CPU
		{50076681-3661-4E95-9F18-E37BC74D82B6}.Ad-Hoc|x86.ActiveCfg = Release|Any CPU
		{50076681-3661-4E95-9F18-E37BC74D82B6}.Ad-Hoc|x86.Build.0 = Release|Any CPU
		{50076681-3661-4E95-9F18-E37BC74D82B6}.AppStore|Any CPU.ActiveCfg = Release|Any CPU
		{50076681-3661-4E95-9F18-E37BC74D82B6}.AppStore|Any CPU.Build.0 = Release|Any CPU
		{50076681-3661-4E95-9F18-E37BC74D82B6}.AppStore|ARM.ActiveCfg = Release|Any CPU
		{50076681-3661-4E95-9F18-E37BC74D82B6}.AppStore|ARM.Build.0 = Release|Any CPU
		{50076681-3661-4E95-9F18-E37BC74D82B6}.AppStore|iPhone.ActiveCfg = Release|Any CPU
		{50076681-3661-4E95-9F18-E37BC74D82B6}.AppStore|iPhone.Build.0 = Release|Any CPU
		{50076681-3661-4E95-9F18-E37BC74D82B6}.AppStore|iPhoneSimulator.ActiveCfg = Release|Any CPU
		{50076681-3661-4E95-9F18-E37BC74D82B6}.AppStore|iPhoneSimulator.Build.0 = Release|Any CPU
		{50076681-3661-4E95-9F18-E37BC74D82B6}.AppStore|x64.ActiveCfg = Release|Any CPU
		{50076681-3661-4E95-9F18-E37BC74D82B6}.AppStore|x64.Build.0 = Release|Any CPU
		{50076681-3661-4E95-9F18-E37BC74D82B6}.AppStore|x86.ActiveCfg = Release|Any CPU
		{50076681-3661-4E95-9F18-E37BC74D82B6}.AppStore|x86.Build.0 = Release|Any CPU
		{50076681-3661-4E95-9F18-E37BC74D82B6}.Debug|Any CPU.ActiveCfg = Debug|Any CPU
		{50076681-3661-4E95-9F18-E37BC74D82B6}.Debug|Any CPU.Build.0 = Debug|Any CPU
		{50076681-3661-4E95-9F18-E37BC74D82B6}.Debug|ARM.ActiveCfg = Debug|Any CPU
		{50076681-3661-4E95-9F18-E37BC74D82B6}.Debug|ARM.Build.0 = Debug|Any CPU
		{50076681-3661-4E95-9F18-E37BC74D82B6}.Debug|iPhone.ActiveCfg = Debug|Any CPU
		{50076681-3661-4E95-9F18-E37BC74D82B6}.Debug|iPhone.Build.0 = Debug|Any CPU
		{50076681-3661-4E95-9F18-E37BC74D82B6}.Debug|iPhoneSimulator.ActiveCfg = Debug|Any CPU
		{50076681-3661-4E95-9F18-E37BC74D82B6}.Debug|iPhoneSimulator.Build.0 = Debug|Any CPU
		{50076681-3661-4E95-9F18-E37BC74D82B6}.Debug|x64.ActiveCfg = Debug|Any CPU
		{50076681-3661-4E95-9F18-E37BC74D82B6}.Debug|x64.Build.0 = Debug|Any CPU
		{50076681-3661-4E95-9F18-E37BC74D82B6}.Debug|x86.ActiveCfg = Debug|Any CPU
		{50076681-3661-4E95-9F18-E37BC74D82B6}.Debug|x86.Build.0 = Debug|Any CPU
		{50076681-3661-4E95-9F18-E37BC74D82B6}.Release|Any CPU.ActiveCfg = Release|Any CPU
		{50076681-3661-4E95-9F18-E37BC74D82B6}.Release|Any CPU.Build.0 = Release|Any CPU
		{50076681-3661-4E95-9F18-E37BC74D82B6}.Release|ARM.ActiveCfg = Release|Any CPU
		{50076681-3661-4E95-9F18-E37BC74D82B6}.Release|ARM.Build.0 = Release|Any CPU
		{50076681-3661-4E95-9F18-E37BC74D82B6}.Release|iPhone.ActiveCfg = Release|Any CPU
		{50076681-3661-4E95-9F18-E37BC74D82B6}.Release|iPhone.Build.0 = Release|Any CPU
		{50076681-3661-4E95-9F18-E37BC74D82B6}.Release|iPhoneSimulator.ActiveCfg = Release|Any CPU
		{50076681-3661-4E95-9F18-E37BC74D82B6}.Release|iPhoneSimulator.Build.0 = Release|Any CPU
		{50076681-3661-4E95-9F18-E37BC74D82B6}.Release|x64.ActiveCfg = Release|Any CPU
		{50076681-3661-4E95-9F18-E37BC74D82B6}.Release|x64.Build.0 = Release|Any CPU
		{50076681-3661-4E95-9F18-E37BC74D82B6}.Release|x86.ActiveCfg = Release|Any CPU
		{50076681-3661-4E95-9F18-E37BC74D82B6}.Release|x86.Build.0 = Release|Any CPU
		{27F7EF25-DC26-4427-9966-8CDE4146D3A9}.Ad-Hoc|Any CPU.ActiveCfg = Release|Any CPU
		{27F7EF25-DC26-4427-9966-8CDE4146D3A9}.Ad-Hoc|Any CPU.Build.0 = Release|Any CPU
		{27F7EF25-DC26-4427-9966-8CDE4146D3A9}.Ad-Hoc|ARM.ActiveCfg = Release|Any CPU
		{27F7EF25-DC26-4427-9966-8CDE4146D3A9}.Ad-Hoc|ARM.Build.0 = Release|Any CPU
		{27F7EF25-DC26-4427-9966-8CDE4146D3A9}.Ad-Hoc|iPhone.ActiveCfg = Release|Any CPU
		{27F7EF25-DC26-4427-9966-8CDE4146D3A9}.Ad-Hoc|iPhone.Build.0 = Release|Any CPU
		{27F7EF25-DC26-4427-9966-8CDE4146D3A9}.Ad-Hoc|iPhoneSimulator.ActiveCfg = Release|Any CPU
		{27F7EF25-DC26-4427-9966-8CDE4146D3A9}.Ad-Hoc|iPhoneSimulator.Build.0 = Release|Any CPU
		{27F7EF25-DC26-4427-9966-8CDE4146D3A9}.Ad-Hoc|x64.ActiveCfg = Release|Any CPU
		{27F7EF25-DC26-4427-9966-8CDE4146D3A9}.Ad-Hoc|x64.Build.0 = Release|Any CPU
		{27F7EF25-DC26-4427-9966-8CDE4146D3A9}.Ad-Hoc|x86.ActiveCfg = Release|Any CPU
		{27F7EF25-DC26-4427-9966-8CDE4146D3A9}.Ad-Hoc|x86.Build.0 = Release|Any CPU
		{27F7EF25-DC26-4427-9966-8CDE4146D3A9}.AppStore|Any CPU.ActiveCfg = Release|Any CPU
		{27F7EF25-DC26-4427-9966-8CDE4146D3A9}.AppStore|Any CPU.Build.0 = Release|Any CPU
		{27F7EF25-DC26-4427-9966-8CDE4146D3A9}.AppStore|ARM.ActiveCfg = Release|Any CPU
		{27F7EF25-DC26-4427-9966-8CDE4146D3A9}.AppStore|ARM.Build.0 = Release|Any CPU
		{27F7EF25-DC26-4427-9966-8CDE4146D3A9}.AppStore|iPhone.ActiveCfg = Release|Any CPU
		{27F7EF25-DC26-4427-9966-8CDE4146D3A9}.AppStore|iPhone.Build.0 = Release|Any CPU
		{27F7EF25-DC26-4427-9966-8CDE4146D3A9}.AppStore|iPhoneSimulator.ActiveCfg = Release|Any CPU
		{27F7EF25-DC26-4427-9966-8CDE4146D3A9}.AppStore|iPhoneSimulator.Build.0 = Release|Any CPU
		{27F7EF25-DC26-4427-9966-8CDE4146D3A9}.AppStore|x64.ActiveCfg = Release|Any CPU
		{27F7EF25-DC26-4427-9966-8CDE4146D3A9}.AppStore|x64.Build.0 = Release|Any CPU
		{27F7EF25-DC26-4427-9966-8CDE4146D3A9}.AppStore|x86.ActiveCfg = Release|Any CPU
		{27F7EF25-DC26-4427-9966-8CDE4146D3A9}.AppStore|x86.Build.0 = Release|Any CPU
		{27F7EF25-DC26-4427-9966-8CDE4146D3A9}.Debug|Any CPU.ActiveCfg = Debug|Any CPU
		{27F7EF25-DC26-4427-9966-8CDE4146D3A9}.Debug|Any CPU.Build.0 = Debug|Any CPU
		{27F7EF25-DC26-4427-9966-8CDE4146D3A9}.Debug|ARM.ActiveCfg = Debug|Any CPU
		{27F7EF25-DC26-4427-9966-8CDE4146D3A9}.Debug|ARM.Build.0 = Debug|Any CPU
		{27F7EF25-DC26-4427-9966-8CDE4146D3A9}.Debug|iPhone.ActiveCfg = Debug|Any CPU
		{27F7EF25-DC26-4427-9966-8CDE4146D3A9}.Debug|iPhone.Build.0 = Debug|Any CPU
		{27F7EF25-DC26-4427-9966-8CDE4146D3A9}.Debug|iPhoneSimulator.ActiveCfg = Debug|Any CPU
		{27F7EF25-DC26-4427-9966-8CDE4146D3A9}.Debug|iPhoneSimulator.Build.0 = Debug|Any CPU
		{27F7EF25-DC26-4427-9966-8CDE4146D3A9}.Debug|x64.ActiveCfg = Debug|Any CPU
		{27F7EF25-DC26-4427-9966-8CDE4146D3A9}.Debug|x64.Build.0 = Debug|Any CPU
		{27F7EF25-DC26-4427-9966-8CDE4146D3A9}.Debug|x86.ActiveCfg = Debug|Any CPU
		{27F7EF25-DC26-4427-9966-8CDE4146D3A9}.Debug|x86.Build.0 = Debug|Any CPU
		{27F7EF25-DC26-4427-9966-8CDE4146D3A9}.Release|Any CPU.ActiveCfg = Release|Any CPU
		{27F7EF25-DC26-4427-9966-8CDE4146D3A9}.Release|Any CPU.Build.0 = Release|Any CPU
		{27F7EF25-DC26-4427-9966-8CDE4146D3A9}.Release|ARM.ActiveCfg = Release|Any CPU
		{27F7EF25-DC26-4427-9966-8CDE4146D3A9}.Release|ARM.Build.0 = Release|Any CPU
		{27F7EF25-DC26-4427-9966-8CDE4146D3A9}.Release|iPhone.ActiveCfg = Release|Any CPU
		{27F7EF25-DC26-4427-9966-8CDE4146D3A9}.Release|iPhone.Build.0 = Release|Any CPU
		{27F7EF25-DC26-4427-9966-8CDE4146D3A9}.Release|iPhoneSimulator.ActiveCfg = Release|Any CPU
		{27F7EF25-DC26-4427-9966-8CDE4146D3A9}.Release|iPhoneSimulator.Build.0 = Release|Any CPU
		{27F7EF25-DC26-4427-9966-8CDE4146D3A9}.Release|x64.ActiveCfg = Release|Any CPU
		{27F7EF25-DC26-4427-9966-8CDE4146D3A9}.Release|x64.Build.0 = Release|Any CPU
		{27F7EF25-DC26-4427-9966-8CDE4146D3A9}.Release|x86.ActiveCfg = Release|Any CPU
		{27F7EF25-DC26-4427-9966-8CDE4146D3A9}.Release|x86.Build.0 = Release|Any CPU
		{F708AC5D-9546-413E-B93D-7424A580B6B2}.Ad-Hoc|Any CPU.ActiveCfg = Release|Any CPU
		{F708AC5D-9546-413E-B93D-7424A580B6B2}.Ad-Hoc|Any CPU.Build.0 = Release|Any CPU
		{F708AC5D-9546-413E-B93D-7424A580B6B2}.Ad-Hoc|ARM.ActiveCfg = Release|Any CPU
		{F708AC5D-9546-413E-B93D-7424A580B6B2}.Ad-Hoc|ARM.Build.0 = Release|Any CPU
		{F708AC5D-9546-413E-B93D-7424A580B6B2}.Ad-Hoc|iPhone.ActiveCfg = Release|Any CPU
		{F708AC5D-9546-413E-B93D-7424A580B6B2}.Ad-Hoc|iPhone.Build.0 = Release|Any CPU
		{F708AC5D-9546-413E-B93D-7424A580B6B2}.Ad-Hoc|iPhoneSimulator.ActiveCfg = Release|Any CPU
		{F708AC5D-9546-413E-B93D-7424A580B6B2}.Ad-Hoc|iPhoneSimulator.Build.0 = Release|Any CPU
		{F708AC5D-9546-413E-B93D-7424A580B6B2}.Ad-Hoc|x64.ActiveCfg = Release|Any CPU
		{F708AC5D-9546-413E-B93D-7424A580B6B2}.Ad-Hoc|x64.Build.0 = Release|Any CPU
		{F708AC5D-9546-413E-B93D-7424A580B6B2}.Ad-Hoc|x86.ActiveCfg = Release|Any CPU
		{F708AC5D-9546-413E-B93D-7424A580B6B2}.Ad-Hoc|x86.Build.0 = Release|Any CPU
		{F708AC5D-9546-413E-B93D-7424A580B6B2}.AppStore|Any CPU.ActiveCfg = Release|Any CPU
		{F708AC5D-9546-413E-B93D-7424A580B6B2}.AppStore|Any CPU.Build.0 = Release|Any CPU
		{F708AC5D-9546-413E-B93D-7424A580B6B2}.AppStore|ARM.ActiveCfg = Release|Any CPU
		{F708AC5D-9546-413E-B93D-7424A580B6B2}.AppStore|ARM.Build.0 = Release|Any CPU
		{F708AC5D-9546-413E-B93D-7424A580B6B2}.AppStore|iPhone.ActiveCfg = Release|Any CPU
		{F708AC5D-9546-413E-B93D-7424A580B6B2}.AppStore|iPhone.Build.0 = Release|Any CPU
		{F708AC5D-9546-413E-B93D-7424A580B6B2}.AppStore|iPhoneSimulator.ActiveCfg = Release|Any CPU
		{F708AC5D-9546-413E-B93D-7424A580B6B2}.AppStore|iPhoneSimulator.Build.0 = Release|Any CPU
		{F708AC5D-9546-413E-B93D-7424A580B6B2}.AppStore|x64.ActiveCfg = Release|Any CPU
		{F708AC5D-9546-413E-B93D-7424A580B6B2}.AppStore|x64.Build.0 = Release|Any CPU
		{F708AC5D-9546-413E-B93D-7424A580B6B2}.AppStore|x86.ActiveCfg = Release|Any CPU
		{F708AC5D-9546-413E-B93D-7424A580B6B2}.AppStore|x86.Build.0 = Release|Any CPU
		{F708AC5D-9546-413E-B93D-7424A580B6B2}.Debug|Any CPU.ActiveCfg = Debug|Any CPU
		{F708AC5D-9546-413E-B93D-7424A580B6B2}.Debug|Any CPU.Build.0 = Debug|Any CPU
		{F708AC5D-9546-413E-B93D-7424A580B6B2}.Debug|ARM.ActiveCfg = Debug|Any CPU
		{F708AC5D-9546-413E-B93D-7424A580B6B2}.Debug|ARM.Build.0 = Debug|Any CPU
		{F708AC5D-9546-413E-B93D-7424A580B6B2}.Debug|iPhone.ActiveCfg = Debug|Any CPU
		{F708AC5D-9546-413E-B93D-7424A580B6B2}.Debug|iPhone.Build.0 = Debug|Any CPU
		{F708AC5D-9546-413E-B93D-7424A580B6B2}.Debug|iPhoneSimulator.ActiveCfg = Debug|Any CPU
		{F708AC5D-9546-413E-B93D-7424A580B6B2}.Debug|iPhoneSimulator.Build.0 = Debug|Any CPU
		{F708AC5D-9546-413E-B93D-7424A580B6B2}.Debug|x64.ActiveCfg = Debug|Any CPU
		{F708AC5D-9546-413E-B93D-7424A580B6B2}.Debug|x64.Build.0 = Debug|Any CPU
		{F708AC5D-9546-413E-B93D-7424A580B6B2}.Debug|x86.ActiveCfg = Debug|Any CPU
		{F708AC5D-9546-413E-B93D-7424A580B6B2}.Debug|x86.Build.0 = Debug|Any CPU
		{F708AC5D-9546-413E-B93D-7424A580B6B2}.Release|Any CPU.ActiveCfg = Release|Any CPU
		{F708AC5D-9546-413E-B93D-7424A580B6B2}.Release|Any CPU.Build.0 = Release|Any CPU
		{F708AC5D-9546-413E-B93D-7424A580B6B2}.Release|ARM.ActiveCfg = Release|Any CPU
		{F708AC5D-9546-413E-B93D-7424A580B6B2}.Release|ARM.Build.0 = Release|Any CPU
		{F708AC5D-9546-413E-B93D-7424A580B6B2}.Release|iPhone.ActiveCfg = Release|Any CPU
		{F708AC5D-9546-413E-B93D-7424A580B6B2}.Release|iPhone.Build.0 = Release|Any CPU
		{F708AC5D-9546-413E-B93D-7424A580B6B2}.Release|iPhoneSimulator.ActiveCfg = Release|Any CPU
		{F708AC5D-9546-413E-B93D-7424A580B6B2}.Release|iPhoneSimulator.Build.0 = Release|Any CPU
		{F708AC5D-9546-413E-B93D-7424A580B6B2}.Release|x64.ActiveCfg = Release|Any CPU
		{F708AC5D-9546-413E-B93D-7424A580B6B2}.Release|x64.Build.0 = Release|Any CPU
		{F708AC5D-9546-413E-B93D-7424A580B6B2}.Release|x86.ActiveCfg = Release|Any CPU
		{F708AC5D-9546-413E-B93D-7424A580B6B2}.Release|x86.Build.0 = Release|Any CPU
		{5714A7E8-1B89-4AB7-81DB-9985B95114F2}.Ad-Hoc|Any CPU.ActiveCfg = Release|Any CPU
		{5714A7E8-1B89-4AB7-81DB-9985B95114F2}.Ad-Hoc|Any CPU.Build.0 = Release|Any CPU
		{5714A7E8-1B89-4AB7-81DB-9985B95114F2}.Ad-Hoc|ARM.ActiveCfg = Release|Any CPU
		{5714A7E8-1B89-4AB7-81DB-9985B95114F2}.Ad-Hoc|ARM.Build.0 = Release|Any CPU
		{5714A7E8-1B89-4AB7-81DB-9985B95114F2}.Ad-Hoc|iPhone.ActiveCfg = Release|Any CPU
		{5714A7E8-1B89-4AB7-81DB-9985B95114F2}.Ad-Hoc|iPhone.Build.0 = Release|Any CPU
		{5714A7E8-1B89-4AB7-81DB-9985B95114F2}.Ad-Hoc|iPhoneSimulator.ActiveCfg = Release|Any CPU
		{5714A7E8-1B89-4AB7-81DB-9985B95114F2}.Ad-Hoc|iPhoneSimulator.Build.0 = Release|Any CPU
		{5714A7E8-1B89-4AB7-81DB-9985B95114F2}.Ad-Hoc|x64.ActiveCfg = Release|Any CPU
		{5714A7E8-1B89-4AB7-81DB-9985B95114F2}.Ad-Hoc|x64.Build.0 = Release|Any CPU
		{5714A7E8-1B89-4AB7-81DB-9985B95114F2}.Ad-Hoc|x86.ActiveCfg = Release|Any CPU
		{5714A7E8-1B89-4AB7-81DB-9985B95114F2}.Ad-Hoc|x86.Build.0 = Release|Any CPU
		{5714A7E8-1B89-4AB7-81DB-9985B95114F2}.AppStore|Any CPU.ActiveCfg = Release|Any CPU
		{5714A7E8-1B89-4AB7-81DB-9985B95114F2}.AppStore|Any CPU.Build.0 = Release|Any CPU
		{5714A7E8-1B89-4AB7-81DB-9985B95114F2}.AppStore|ARM.ActiveCfg = Release|Any CPU
		{5714A7E8-1B89-4AB7-81DB-9985B95114F2}.AppStore|ARM.Build.0 = Release|Any CPU
		{5714A7E8-1B89-4AB7-81DB-9985B95114F2}.AppStore|iPhone.ActiveCfg = Release|Any CPU
		{5714A7E8-1B89-4AB7-81DB-9985B95114F2}.AppStore|iPhone.Build.0 = Release|Any CPU
		{5714A7E8-1B89-4AB7-81DB-9985B95114F2}.AppStore|iPhoneSimulator.ActiveCfg = Release|Any CPU
		{5714A7E8-1B89-4AB7-81DB-9985B95114F2}.AppStore|iPhoneSimulator.Build.0 = Release|Any CPU
		{5714A7E8-1B89-4AB7-81DB-9985B95114F2}.AppStore|x64.ActiveCfg = Release|Any CPU
		{5714A7E8-1B89-4AB7-81DB-9985B95114F2}.AppStore|x64.Build.0 = Release|Any CPU
		{5714A7E8-1B89-4AB7-81DB-9985B95114F2}.AppStore|x86.ActiveCfg = Release|Any CPU
		{5714A7E8-1B89-4AB7-81DB-9985B95114F2}.AppStore|x86.Build.0 = Release|Any CPU
		{5714A7E8-1B89-4AB7-81DB-9985B95114F2}.Debug|Any CPU.ActiveCfg = Debug|Any CPU
		{5714A7E8-1B89-4AB7-81DB-9985B95114F2}.Debug|Any CPU.Build.0 = Debug|Any CPU
		{5714A7E8-1B89-4AB7-81DB-9985B95114F2}.Debug|ARM.ActiveCfg = Debug|Any CPU
		{5714A7E8-1B89-4AB7-81DB-9985B95114F2}.Debug|ARM.Build.0 = Debug|Any CPU
		{5714A7E8-1B89-4AB7-81DB-9985B95114F2}.Debug|iPhone.ActiveCfg = Debug|Any CPU
		{5714A7E8-1B89-4AB7-81DB-9985B95114F2}.Debug|iPhone.Build.0 = Debug|Any CPU
		{5714A7E8-1B89-4AB7-81DB-9985B95114F2}.Debug|iPhoneSimulator.ActiveCfg = Debug|Any CPU
		{5714A7E8-1B89-4AB7-81DB-9985B95114F2}.Debug|iPhoneSimulator.Build.0 = Debug|Any CPU
		{5714A7E8-1B89-4AB7-81DB-9985B95114F2}.Debug|x64.ActiveCfg = Debug|Any CPU
		{5714A7E8-1B89-4AB7-81DB-9985B95114F2}.Debug|x64.Build.0 = Debug|Any CPU
		{5714A7E8-1B89-4AB7-81DB-9985B95114F2}.Debug|x86.ActiveCfg = Debug|Any CPU
		{5714A7E8-1B89-4AB7-81DB-9985B95114F2}.Debug|x86.Build.0 = Debug|Any CPU
		{5714A7E8-1B89-4AB7-81DB-9985B95114F2}.Release|Any CPU.ActiveCfg = Release|Any CPU
		{5714A7E8-1B89-4AB7-81DB-9985B95114F2}.Release|Any CPU.Build.0 = Release|Any CPU
		{5714A7E8-1B89-4AB7-81DB-9985B95114F2}.Release|ARM.ActiveCfg = Release|Any CPU
		{5714A7E8-1B89-4AB7-81DB-9985B95114F2}.Release|ARM.Build.0 = Release|Any CPU
		{5714A7E8-1B89-4AB7-81DB-9985B95114F2}.Release|iPhone.ActiveCfg = Release|Any CPU
		{5714A7E8-1B89-4AB7-81DB-9985B95114F2}.Release|iPhone.Build.0 = Release|Any CPU
		{5714A7E8-1B89-4AB7-81DB-9985B95114F2}.Release|iPhoneSimulator.ActiveCfg = Release|Any CPU
		{5714A7E8-1B89-4AB7-81DB-9985B95114F2}.Release|iPhoneSimulator.Build.0 = Release|Any CPU
		{5714A7E8-1B89-4AB7-81DB-9985B95114F2}.Release|x64.ActiveCfg = Release|Any CPU
		{5714A7E8-1B89-4AB7-81DB-9985B95114F2}.Release|x64.Build.0 = Release|Any CPU
		{5714A7E8-1B89-4AB7-81DB-9985B95114F2}.Release|x86.ActiveCfg = Release|Any CPU
		{5714A7E8-1B89-4AB7-81DB-9985B95114F2}.Release|x86.Build.0 = Release|Any CPU
		{FBB93082-B2CD-4690-87C1-82E19E2E9F63}.Ad-Hoc|Any CPU.ActiveCfg = Release|Any CPU
		{FBB93082-B2CD-4690-87C1-82E19E2E9F63}.Ad-Hoc|Any CPU.Build.0 = Release|Any CPU
		{FBB93082-B2CD-4690-87C1-82E19E2E9F63}.Ad-Hoc|ARM.ActiveCfg = Release|Any CPU
		{FBB93082-B2CD-4690-87C1-82E19E2E9F63}.Ad-Hoc|ARM.Build.0 = Release|Any CPU
		{FBB93082-B2CD-4690-87C1-82E19E2E9F63}.Ad-Hoc|iPhone.ActiveCfg = Release|Any CPU
		{FBB93082-B2CD-4690-87C1-82E19E2E9F63}.Ad-Hoc|iPhone.Build.0 = Release|Any CPU
		{FBB93082-B2CD-4690-87C1-82E19E2E9F63}.Ad-Hoc|iPhoneSimulator.ActiveCfg = Release|Any CPU
		{FBB93082-B2CD-4690-87C1-82E19E2E9F63}.Ad-Hoc|iPhoneSimulator.Build.0 = Release|Any CPU
		{FBB93082-B2CD-4690-87C1-82E19E2E9F63}.Ad-Hoc|x64.ActiveCfg = Release|Any CPU
		{FBB93082-B2CD-4690-87C1-82E19E2E9F63}.Ad-Hoc|x64.Build.0 = Release|Any CPU
		{FBB93082-B2CD-4690-87C1-82E19E2E9F63}.Ad-Hoc|x86.ActiveCfg = Release|Any CPU
		{FBB93082-B2CD-4690-87C1-82E19E2E9F63}.Ad-Hoc|x86.Build.0 = Release|Any CPU
		{FBB93082-B2CD-4690-87C1-82E19E2E9F63}.AppStore|Any CPU.ActiveCfg = Release|Any CPU
		{FBB93082-B2CD-4690-87C1-82E19E2E9F63}.AppStore|Any CPU.Build.0 = Release|Any CPU
		{FBB93082-B2CD-4690-87C1-82E19E2E9F63}.AppStore|ARM.ActiveCfg = Release|Any CPU
		{FBB93082-B2CD-4690-87C1-82E19E2E9F63}.AppStore|ARM.Build.0 = Release|Any CPU
		{FBB93082-B2CD-4690-87C1-82E19E2E9F63}.AppStore|iPhone.ActiveCfg = Release|Any CPU
		{FBB93082-B2CD-4690-87C1-82E19E2E9F63}.AppStore|iPhone.Build.0 = Release|Any CPU
		{FBB93082-B2CD-4690-87C1-82E19E2E9F63}.AppStore|iPhoneSimulator.ActiveCfg = Release|Any CPU
		{FBB93082-B2CD-4690-87C1-82E19E2E9F63}.AppStore|iPhoneSimulator.Build.0 = Release|Any CPU
		{FBB93082-B2CD-4690-87C1-82E19E2E9F63}.AppStore|x64.ActiveCfg = Release|Any CPU
		{FBB93082-B2CD-4690-87C1-82E19E2E9F63}.AppStore|x64.Build.0 = Release|Any CPU
		{FBB93082-B2CD-4690-87C1-82E19E2E9F63}.AppStore|x86.ActiveCfg = Release|Any CPU
		{FBB93082-B2CD-4690-87C1-82E19E2E9F63}.AppStore|x86.Build.0 = Release|Any CPU
		{FBB93082-B2CD-4690-87C1-82E19E2E9F63}.Debug|Any CPU.ActiveCfg = Debug|Any CPU
		{FBB93082-B2CD-4690-87C1-82E19E2E9F63}.Debug|Any CPU.Build.0 = Debug|Any CPU
		{FBB93082-B2CD-4690-87C1-82E19E2E9F63}.Debug|ARM.ActiveCfg = Debug|Any CPU
		{FBB93082-B2CD-4690-87C1-82E19E2E9F63}.Debug|ARM.Build.0 = Debug|Any CPU
		{FBB93082-B2CD-4690-87C1-82E19E2E9F63}.Debug|iPhone.ActiveCfg = Debug|Any CPU
		{FBB93082-B2CD-4690-87C1-82E19E2E9F63}.Debug|iPhone.Build.0 = Debug|Any CPU
		{FBB93082-B2CD-4690-87C1-82E19E2E9F63}.Debug|iPhoneSimulator.ActiveCfg = Debug|Any CPU
		{FBB93082-B2CD-4690-87C1-82E19E2E9F63}.Debug|iPhoneSimulator.Build.0 = Debug|Any CPU
		{FBB93082-B2CD-4690-87C1-82E19E2E9F63}.Debug|x64.ActiveCfg = Debug|Any CPU
		{FBB93082-B2CD-4690-87C1-82E19E2E9F63}.Debug|x64.Build.0 = Debug|Any CPU
		{FBB93082-B2CD-4690-87C1-82E19E2E9F63}.Debug|x86.ActiveCfg = Debug|Any CPU
		{FBB93082-B2CD-4690-87C1-82E19E2E9F63}.Debug|x86.Build.0 = Debug|Any CPU
		{FBB93082-B2CD-4690-87C1-82E19E2E9F63}.Release|Any CPU.ActiveCfg = Release|Any CPU
		{FBB93082-B2CD-4690-87C1-82E19E2E9F63}.Release|Any CPU.Build.0 = Release|Any CPU
		{FBB93082-B2CD-4690-87C1-82E19E2E9F63}.Release|ARM.ActiveCfg = Release|Any CPU
		{FBB93082-B2CD-4690-87C1-82E19E2E9F63}.Release|ARM.Build.0 = Release|Any CPU
		{FBB93082-B2CD-4690-87C1-82E19E2E9F63}.Release|iPhone.ActiveCfg = Release|Any CPU
		{FBB93082-B2CD-4690-87C1-82E19E2E9F63}.Release|iPhone.Build.0 = Release|Any CPU
		{FBB93082-B2CD-4690-87C1-82E19E2E9F63}.Release|iPhoneSimulator.ActiveCfg = Release|Any CPU
		{FBB93082-B2CD-4690-87C1-82E19E2E9F63}.Release|iPhoneSimulator.Build.0 = Release|Any CPU
		{FBB93082-B2CD-4690-87C1-82E19E2E9F63}.Release|x64.ActiveCfg = Release|Any CPU
		{FBB93082-B2CD-4690-87C1-82E19E2E9F63}.Release|x64.Build.0 = Release|Any CPU
		{FBB93082-B2CD-4690-87C1-82E19E2E9F63}.Release|x86.ActiveCfg = Release|Any CPU
		{FBB93082-B2CD-4690-87C1-82E19E2E9F63}.Release|x86.Build.0 = Release|Any CPU
		{2CF8D774-B327-49A7-AD55-2E89352BA6C5}.Ad-Hoc|Any CPU.ActiveCfg = Release|Any CPU
		{2CF8D774-B327-49A7-AD55-2E89352BA6C5}.Ad-Hoc|Any CPU.Build.0 = Release|Any CPU
		{2CF8D774-B327-49A7-AD55-2E89352BA6C5}.Ad-Hoc|ARM.ActiveCfg = Release|Any CPU
		{2CF8D774-B327-49A7-AD55-2E89352BA6C5}.Ad-Hoc|ARM.Build.0 = Release|Any CPU
		{2CF8D774-B327-49A7-AD55-2E89352BA6C5}.Ad-Hoc|iPhone.ActiveCfg = Release|Any CPU
		{2CF8D774-B327-49A7-AD55-2E89352BA6C5}.Ad-Hoc|iPhone.Build.0 = Release|Any CPU
		{2CF8D774-B327-49A7-AD55-2E89352BA6C5}.Ad-Hoc|iPhoneSimulator.ActiveCfg = Release|Any CPU
		{2CF8D774-B327-49A7-AD55-2E89352BA6C5}.Ad-Hoc|iPhoneSimulator.Build.0 = Release|Any CPU
		{2CF8D774-B327-49A7-AD55-2E89352BA6C5}.Ad-Hoc|x64.ActiveCfg = Release|Any CPU
		{2CF8D774-B327-49A7-AD55-2E89352BA6C5}.Ad-Hoc|x64.Build.0 = Release|Any CPU
		{2CF8D774-B327-49A7-AD55-2E89352BA6C5}.Ad-Hoc|x86.ActiveCfg = Release|Any CPU
		{2CF8D774-B327-49A7-AD55-2E89352BA6C5}.Ad-Hoc|x86.Build.0 = Release|Any CPU
		{2CF8D774-B327-49A7-AD55-2E89352BA6C5}.AppStore|Any CPU.ActiveCfg = Release|Any CPU
		{2CF8D774-B327-49A7-AD55-2E89352BA6C5}.AppStore|Any CPU.Build.0 = Release|Any CPU
		{2CF8D774-B327-49A7-AD55-2E89352BA6C5}.AppStore|ARM.ActiveCfg = Release|Any CPU
		{2CF8D774-B327-49A7-AD55-2E89352BA6C5}.AppStore|ARM.Build.0 = Release|Any CPU
		{2CF8D774-B327-49A7-AD55-2E89352BA6C5}.AppStore|iPhone.ActiveCfg = Release|Any CPU
		{2CF8D774-B327-49A7-AD55-2E89352BA6C5}.AppStore|iPhone.Build.0 = Release|Any CPU
		{2CF8D774-B327-49A7-AD55-2E89352BA6C5}.AppStore|iPhoneSimulator.ActiveCfg = Release|Any CPU
		{2CF8D774-B327-49A7-AD55-2E89352BA6C5}.AppStore|iPhoneSimulator.Build.0 = Release|Any CPU
		{2CF8D774-B327-49A7-AD55-2E89352BA6C5}.AppStore|x64.ActiveCfg = Release|Any CPU
		{2CF8D774-B327-49A7-AD55-2E89352BA6C5}.AppStore|x64.Build.0 = Release|Any CPU
		{2CF8D774-B327-49A7-AD55-2E89352BA6C5}.AppStore|x86.ActiveCfg = Release|Any CPU
		{2CF8D774-B327-49A7-AD55-2E89352BA6C5}.AppStore|x86.Build.0 = Release|Any CPU
		{2CF8D774-B327-49A7-AD55-2E89352BA6C5}.Debug|Any CPU.ActiveCfg = Debug|Any CPU
		{2CF8D774-B327-49A7-AD55-2E89352BA6C5}.Debug|Any CPU.Build.0 = Debug|Any CPU
		{2CF8D774-B327-49A7-AD55-2E89352BA6C5}.Debug|ARM.ActiveCfg = Debug|Any CPU
		{2CF8D774-B327-49A7-AD55-2E89352BA6C5}.Debug|ARM.Build.0 = Debug|Any CPU
		{2CF8D774-B327-49A7-AD55-2E89352BA6C5}.Debug|iPhone.ActiveCfg = Debug|Any CPU
		{2CF8D774-B327-49A7-AD55-2E89352BA6C5}.Debug|iPhone.Build.0 = Debug|Any CPU
		{2CF8D774-B327-49A7-AD55-2E89352BA6C5}.Debug|iPhoneSimulator.ActiveCfg = Debug|Any CPU
		{2CF8D774-B327-49A7-AD55-2E89352BA6C5}.Debug|iPhoneSimulator.Build.0 = Debug|Any CPU
		{2CF8D774-B327-49A7-AD55-2E89352BA6C5}.Debug|x64.ActiveCfg = Debug|Any CPU
		{2CF8D774-B327-49A7-AD55-2E89352BA6C5}.Debug|x64.Build.0 = Debug|Any CPU
		{2CF8D774-B327-49A7-AD55-2E89352BA6C5}.Debug|x86.ActiveCfg = Debug|Any CPU
		{2CF8D774-B327-49A7-AD55-2E89352BA6C5}.Debug|x86.Build.0 = Debug|Any CPU
		{2CF8D774-B327-49A7-AD55-2E89352BA6C5}.Release|Any CPU.ActiveCfg = Release|Any CPU
		{2CF8D774-B327-49A7-AD55-2E89352BA6C5}.Release|Any CPU.Build.0 = Release|Any CPU
		{2CF8D774-B327-49A7-AD55-2E89352BA6C5}.Release|ARM.ActiveCfg = Release|Any CPU
		{2CF8D774-B327-49A7-AD55-2E89352BA6C5}.Release|ARM.Build.0 = Release|Any CPU
		{2CF8D774-B327-49A7-AD55-2E89352BA6C5}.Release|iPhone.ActiveCfg = Release|Any CPU
		{2CF8D774-B327-49A7-AD55-2E89352BA6C5}.Release|iPhone.Build.0 = Release|Any CPU
		{2CF8D774-B327-49A7-AD55-2E89352BA6C5}.Release|iPhoneSimulator.ActiveCfg = Release|Any CPU
		{2CF8D774-B327-49A7-AD55-2E89352BA6C5}.Release|iPhoneSimulator.Build.0 = Release|Any CPU
		{2CF8D774-B327-49A7-AD55-2E89352BA6C5}.Release|x64.ActiveCfg = Release|Any CPU
		{2CF8D774-B327-49A7-AD55-2E89352BA6C5}.Release|x64.Build.0 = Release|Any CPU
		{2CF8D774-B327-49A7-AD55-2E89352BA6C5}.Release|x86.ActiveCfg = Release|Any CPU
		{2CF8D774-B327-49A7-AD55-2E89352BA6C5}.Release|x86.Build.0 = Release|Any CPU
		{F9D70F15-06EF-4631-83C9-5DCAAB58710E}.Ad-Hoc|Any CPU.ActiveCfg = Release|x64
		{F9D70F15-06EF-4631-83C9-5DCAAB58710E}.Ad-Hoc|Any CPU.Build.0 = Release|x64
		{F9D70F15-06EF-4631-83C9-5DCAAB58710E}.Ad-Hoc|Any CPU.Deploy.0 = Release|x64
		{F9D70F15-06EF-4631-83C9-5DCAAB58710E}.Ad-Hoc|ARM.ActiveCfg = Release|ARM
		{F9D70F15-06EF-4631-83C9-5DCAAB58710E}.Ad-Hoc|ARM.Build.0 = Release|ARM
		{F9D70F15-06EF-4631-83C9-5DCAAB58710E}.Ad-Hoc|ARM.Deploy.0 = Release|ARM
		{F9D70F15-06EF-4631-83C9-5DCAAB58710E}.Ad-Hoc|iPhone.ActiveCfg = Release|x64
		{F9D70F15-06EF-4631-83C9-5DCAAB58710E}.Ad-Hoc|iPhone.Build.0 = Release|x64
		{F9D70F15-06EF-4631-83C9-5DCAAB58710E}.Ad-Hoc|iPhone.Deploy.0 = Release|x64
		{F9D70F15-06EF-4631-83C9-5DCAAB58710E}.Ad-Hoc|iPhoneSimulator.ActiveCfg = Release|x64
		{F9D70F15-06EF-4631-83C9-5DCAAB58710E}.Ad-Hoc|iPhoneSimulator.Build.0 = Release|x64
		{F9D70F15-06EF-4631-83C9-5DCAAB58710E}.Ad-Hoc|iPhoneSimulator.Deploy.0 = Release|x64
		{F9D70F15-06EF-4631-83C9-5DCAAB58710E}.Ad-Hoc|x64.ActiveCfg = Release|x64
		{F9D70F15-06EF-4631-83C9-5DCAAB58710E}.Ad-Hoc|x64.Build.0 = Release|x64
		{F9D70F15-06EF-4631-83C9-5DCAAB58710E}.Ad-Hoc|x64.Deploy.0 = Release|x64
		{F9D70F15-06EF-4631-83C9-5DCAAB58710E}.Ad-Hoc|x86.ActiveCfg = Release|x86
		{F9D70F15-06EF-4631-83C9-5DCAAB58710E}.Ad-Hoc|x86.Build.0 = Release|x86
		{F9D70F15-06EF-4631-83C9-5DCAAB58710E}.Ad-Hoc|x86.Deploy.0 = Release|x86
		{F9D70F15-06EF-4631-83C9-5DCAAB58710E}.AppStore|Any CPU.ActiveCfg = Release|x64
		{F9D70F15-06EF-4631-83C9-5DCAAB58710E}.AppStore|Any CPU.Build.0 = Release|x64
		{F9D70F15-06EF-4631-83C9-5DCAAB58710E}.AppStore|Any CPU.Deploy.0 = Release|x64
		{F9D70F15-06EF-4631-83C9-5DCAAB58710E}.AppStore|ARM.ActiveCfg = Release|ARM
		{F9D70F15-06EF-4631-83C9-5DCAAB58710E}.AppStore|ARM.Build.0 = Release|ARM
		{F9D70F15-06EF-4631-83C9-5DCAAB58710E}.AppStore|ARM.Deploy.0 = Release|ARM
		{F9D70F15-06EF-4631-83C9-5DCAAB58710E}.AppStore|iPhone.ActiveCfg = Release|x64
		{F9D70F15-06EF-4631-83C9-5DCAAB58710E}.AppStore|iPhone.Build.0 = Release|x64
		{F9D70F15-06EF-4631-83C9-5DCAAB58710E}.AppStore|iPhone.Deploy.0 = Release|x64
		{F9D70F15-06EF-4631-83C9-5DCAAB58710E}.AppStore|iPhoneSimulator.ActiveCfg = Release|x64
		{F9D70F15-06EF-4631-83C9-5DCAAB58710E}.AppStore|iPhoneSimulator.Build.0 = Release|x64
		{F9D70F15-06EF-4631-83C9-5DCAAB58710E}.AppStore|iPhoneSimulator.Deploy.0 = Release|x64
		{F9D70F15-06EF-4631-83C9-5DCAAB58710E}.AppStore|x64.ActiveCfg = Release|x64
		{F9D70F15-06EF-4631-83C9-5DCAAB58710E}.AppStore|x64.Build.0 = Release|x64
		{F9D70F15-06EF-4631-83C9-5DCAAB58710E}.AppStore|x64.Deploy.0 = Release|x64
		{F9D70F15-06EF-4631-83C9-5DCAAB58710E}.AppStore|x86.ActiveCfg = Release|x86
		{F9D70F15-06EF-4631-83C9-5DCAAB58710E}.AppStore|x86.Build.0 = Release|x86
		{F9D70F15-06EF-4631-83C9-5DCAAB58710E}.AppStore|x86.Deploy.0 = Release|x86
		{F9D70F15-06EF-4631-83C9-5DCAAB58710E}.Debug|Any CPU.ActiveCfg = Debug|x86
		{F9D70F15-06EF-4631-83C9-5DCAAB58710E}.Debug|Any CPU.Build.0 = Debug|x86
		{F9D70F15-06EF-4631-83C9-5DCAAB58710E}.Debug|Any CPU.Deploy.0 = Debug|x86
		{F9D70F15-06EF-4631-83C9-5DCAAB58710E}.Debug|ARM.ActiveCfg = Debug|ARM
		{F9D70F15-06EF-4631-83C9-5DCAAB58710E}.Debug|ARM.Build.0 = Debug|ARM
		{F9D70F15-06EF-4631-83C9-5DCAAB58710E}.Debug|ARM.Deploy.0 = Debug|ARM
		{F9D70F15-06EF-4631-83C9-5DCAAB58710E}.Debug|iPhone.ActiveCfg = Debug|x86
		{F9D70F15-06EF-4631-83C9-5DCAAB58710E}.Debug|iPhoneSimulator.ActiveCfg = Debug|x86
		{F9D70F15-06EF-4631-83C9-5DCAAB58710E}.Debug|x64.ActiveCfg = Debug|x64
		{F9D70F15-06EF-4631-83C9-5DCAAB58710E}.Debug|x64.Build.0 = Debug|x64
		{F9D70F15-06EF-4631-83C9-5DCAAB58710E}.Debug|x64.Deploy.0 = Debug|x64
		{F9D70F15-06EF-4631-83C9-5DCAAB58710E}.Debug|x86.ActiveCfg = Debug|x86
		{F9D70F15-06EF-4631-83C9-5DCAAB58710E}.Debug|x86.Build.0 = Debug|x86
		{F9D70F15-06EF-4631-83C9-5DCAAB58710E}.Debug|x86.Deploy.0 = Debug|x86
		{F9D70F15-06EF-4631-83C9-5DCAAB58710E}.Release|Any CPU.ActiveCfg = Release|x86
		{F9D70F15-06EF-4631-83C9-5DCAAB58710E}.Release|ARM.ActiveCfg = Release|ARM
		{F9D70F15-06EF-4631-83C9-5DCAAB58710E}.Release|ARM.Build.0 = Release|ARM
		{F9D70F15-06EF-4631-83C9-5DCAAB58710E}.Release|ARM.Deploy.0 = Release|ARM
		{F9D70F15-06EF-4631-83C9-5DCAAB58710E}.Release|iPhone.ActiveCfg = Release|x86
		{F9D70F15-06EF-4631-83C9-5DCAAB58710E}.Release|iPhoneSimulator.ActiveCfg = Release|x86
		{F9D70F15-06EF-4631-83C9-5DCAAB58710E}.Release|x64.ActiveCfg = Release|x64
		{F9D70F15-06EF-4631-83C9-5DCAAB58710E}.Release|x64.Build.0 = Release|x64
		{F9D70F15-06EF-4631-83C9-5DCAAB58710E}.Release|x64.Deploy.0 = Release|x64
		{F9D70F15-06EF-4631-83C9-5DCAAB58710E}.Release|x86.ActiveCfg = Release|x86
		{F9D70F15-06EF-4631-83C9-5DCAAB58710E}.Release|x86.Build.0 = Release|x86
		{F9D70F15-06EF-4631-83C9-5DCAAB58710E}.Release|x86.Deploy.0 = Release|x86
		{94B811BF-F570-4310-B86C-D09655A9FECF}.Ad-Hoc|Any CPU.ActiveCfg = Release|Any CPU
		{94B811BF-F570-4310-B86C-D09655A9FECF}.Ad-Hoc|Any CPU.Build.0 = Release|Any CPU
		{94B811BF-F570-4310-B86C-D09655A9FECF}.Ad-Hoc|ARM.ActiveCfg = Release|Any CPU
		{94B811BF-F570-4310-B86C-D09655A9FECF}.Ad-Hoc|ARM.Build.0 = Release|Any CPU
		{94B811BF-F570-4310-B86C-D09655A9FECF}.Ad-Hoc|iPhone.ActiveCfg = Release|Any CPU
		{94B811BF-F570-4310-B86C-D09655A9FECF}.Ad-Hoc|iPhone.Build.0 = Release|Any CPU
		{94B811BF-F570-4310-B86C-D09655A9FECF}.Ad-Hoc|iPhoneSimulator.ActiveCfg = Release|Any CPU
		{94B811BF-F570-4310-B86C-D09655A9FECF}.Ad-Hoc|iPhoneSimulator.Build.0 = Release|Any CPU
		{94B811BF-F570-4310-B86C-D09655A9FECF}.Ad-Hoc|x64.ActiveCfg = Release|Any CPU
		{94B811BF-F570-4310-B86C-D09655A9FECF}.Ad-Hoc|x64.Build.0 = Release|Any CPU
		{94B811BF-F570-4310-B86C-D09655A9FECF}.Ad-Hoc|x86.ActiveCfg = Release|Any CPU
		{94B811BF-F570-4310-B86C-D09655A9FECF}.Ad-Hoc|x86.Build.0 = Release|Any CPU
		{94B811BF-F570-4310-B86C-D09655A9FECF}.AppStore|Any CPU.ActiveCfg = Release|Any CPU
		{94B811BF-F570-4310-B86C-D09655A9FECF}.AppStore|Any CPU.Build.0 = Release|Any CPU
		{94B811BF-F570-4310-B86C-D09655A9FECF}.AppStore|ARM.ActiveCfg = Release|Any CPU
		{94B811BF-F570-4310-B86C-D09655A9FECF}.AppStore|ARM.Build.0 = Release|Any CPU
		{94B811BF-F570-4310-B86C-D09655A9FECF}.AppStore|iPhone.ActiveCfg = Release|Any CPU
		{94B811BF-F570-4310-B86C-D09655A9FECF}.AppStore|iPhone.Build.0 = Release|Any CPU
		{94B811BF-F570-4310-B86C-D09655A9FECF}.AppStore|iPhoneSimulator.ActiveCfg = Release|Any CPU
		{94B811BF-F570-4310-B86C-D09655A9FECF}.AppStore|iPhoneSimulator.Build.0 = Release|Any CPU
		{94B811BF-F570-4310-B86C-D09655A9FECF}.AppStore|x64.ActiveCfg = Release|Any CPU
		{94B811BF-F570-4310-B86C-D09655A9FECF}.AppStore|x64.Build.0 = Release|Any CPU
		{94B811BF-F570-4310-B86C-D09655A9FECF}.AppStore|x86.ActiveCfg = Release|Any CPU
		{94B811BF-F570-4310-B86C-D09655A9FECF}.AppStore|x86.Build.0 = Release|Any CPU
		{94B811BF-F570-4310-B86C-D09655A9FECF}.Debug|Any CPU.ActiveCfg = Debug|Any CPU
		{94B811BF-F570-4310-B86C-D09655A9FECF}.Debug|Any CPU.Build.0 = Debug|Any CPU
		{94B811BF-F570-4310-B86C-D09655A9FECF}.Debug|ARM.ActiveCfg = Debug|Any CPU
		{94B811BF-F570-4310-B86C-D09655A9FECF}.Debug|ARM.Build.0 = Debug|Any CPU
		{94B811BF-F570-4310-B86C-D09655A9FECF}.Debug|iPhone.ActiveCfg = Debug|Any CPU
		{94B811BF-F570-4310-B86C-D09655A9FECF}.Debug|iPhone.Build.0 = Debug|Any CPU
		{94B811BF-F570-4310-B86C-D09655A9FECF}.Debug|iPhoneSimulator.ActiveCfg = Debug|Any CPU
		{94B811BF-F570-4310-B86C-D09655A9FECF}.Debug|iPhoneSimulator.Build.0 = Debug|Any CPU
		{94B811BF-F570-4310-B86C-D09655A9FECF}.Debug|x64.ActiveCfg = Debug|Any CPU
		{94B811BF-F570-4310-B86C-D09655A9FECF}.Debug|x64.Build.0 = Debug|Any CPU
		{94B811BF-F570-4310-B86C-D09655A9FECF}.Debug|x86.ActiveCfg = Debug|Any CPU
		{94B811BF-F570-4310-B86C-D09655A9FECF}.Debug|x86.Build.0 = Debug|Any CPU
		{94B811BF-F570-4310-B86C-D09655A9FECF}.Release|Any CPU.ActiveCfg = Release|Any CPU
		{94B811BF-F570-4310-B86C-D09655A9FECF}.Release|Any CPU.Build.0 = Release|Any CPU
		{94B811BF-F570-4310-B86C-D09655A9FECF}.Release|ARM.ActiveCfg = Release|Any CPU
		{94B811BF-F570-4310-B86C-D09655A9FECF}.Release|ARM.Build.0 = Release|Any CPU
		{94B811BF-F570-4310-B86C-D09655A9FECF}.Release|iPhone.ActiveCfg = Release|Any CPU
		{94B811BF-F570-4310-B86C-D09655A9FECF}.Release|iPhone.Build.0 = Release|Any CPU
		{94B811BF-F570-4310-B86C-D09655A9FECF}.Release|iPhoneSimulator.ActiveCfg = Release|Any CPU
		{94B811BF-F570-4310-B86C-D09655A9FECF}.Release|iPhoneSimulator.Build.0 = Release|Any CPU
		{94B811BF-F570-4310-B86C-D09655A9FECF}.Release|x64.ActiveCfg = Release|Any CPU
		{94B811BF-F570-4310-B86C-D09655A9FECF}.Release|x64.Build.0 = Release|Any CPU
		{94B811BF-F570-4310-B86C-D09655A9FECF}.Release|x86.ActiveCfg = Release|Any CPU
		{94B811BF-F570-4310-B86C-D09655A9FECF}.Release|x86.Build.0 = Release|Any CPU
	EndGlobalSection
	GlobalSection(SolutionProperties) = preSolution
		HideSolutionNode = FALSE
	EndGlobalSection
EndGlobal
