
Microsoft Visual Studio Solution File, Format Version 12.00
# Visual Studio 14
VisualStudioVersion = 14.0.25123.0
MinimumVisualStudioVersion = 10.0.40219.1
Project("{FAE04EC0-301F-11D3-BF4B-00C04F79EFBC}") = "RideShare.Droid", "RideShare\RideShare.Droid\RideShare.Droid.csproj", "{897AF7D2-8EA2-4881-BB70-481D27DDD8FB}"
EndProject
Project("{FAE04EC0-301F-11D3-BF4B-00C04F79EFBC}") = "RideShare.iOS", "RideShare\RideShare.iOS\RideShare.iOS.csproj", "{F61A571C-8256-4322-BCD3-64D43D8BCB9B}"
EndProject
Project("{FAE04EC0-301F-11D3-BF4B-00C04F79EFBC}") = "RideShare.UWP", "RideShare\RideShare.UWP\RideShare.UWP.csproj", "{DE737605-E07A-4772-BECA-B8EAC7E53F81}"
EndProject
Project("{FAE04EC0-301F-11D3-BF4B-00C04F79EFBC}") = "RideShare", "RideShare\RideShare\RideShare.csproj", "{9968FB5D-72ED-412F-8F64-5B3A955E5413}"
EndProject
Global
	GlobalSection(SolutionConfigurationPlatforms) = preSolution
		Ad-Hoc|Any CPU = Ad-Hoc|Any CPU
		Ad-Hoc|ARM = Ad-Hoc|ARM
		Ad-Hoc|iPhone = Ad-Hoc|iPhone
		Ad-Hoc|iPhoneSimulator = Ad-Hoc|iPhoneSimulator
		Ad-Hoc|x64 = Ad-Hoc|x64
		Ad-Hoc|x86 = Ad-Hoc|x86
		AppStore|Any CPU = AppStore|Any CPU
		AppStore|ARM = AppStore|ARM
		AppStore|iPhone = AppStore|iPhone
		AppStore|iPhoneSimulator = AppStore|iPhoneSimulator
		AppStore|x64 = AppStore|x64
		AppStore|x86 = AppStore|x86
		Debug|Any CPU = Debug|Any CPU
		Debug|ARM = Debug|ARM
		Debug|iPhone = Debug|iPhone
		Debug|iPhoneSimulator = Debug|iPhoneSimulator
		Debug|x64 = Debug|x64
		Debug|x86 = Debug|x86
		Release|Any CPU = Release|Any CPU
		Release|ARM = Release|ARM
		Release|iPhone = Release|iPhone
		Release|iPhoneSimulator = Release|iPhoneSimulator
		Release|x64 = Release|x64
		Release|x86 = Release|x86
	EndGlobalSection
	GlobalSection(ProjectConfigurationPlatforms) = postSolution
		{897AF7D2-8EA2-4881-BB70-481D27DDD8FB}.Ad-Hoc|Any CPU.ActiveCfg = Release|Any CPU
		{897AF7D2-8EA2-4881-BB70-481D27DDD8FB}.Ad-Hoc|Any CPU.Build.0 = Release|Any CPU
		{897AF7D2-8EA2-4881-BB70-481D27DDD8FB}.Ad-Hoc|Any CPU.Deploy.0 = Release|Any CPU
		{897AF7D2-8EA2-4881-BB70-481D27DDD8FB}.Ad-Hoc|ARM.ActiveCfg = Release|Any CPU
		{897AF7D2-8EA2-4881-BB70-481D27DDD8FB}.Ad-Hoc|ARM.Build.0 = Release|Any CPU
		{897AF7D2-8EA2-4881-BB70-481D27DDD8FB}.Ad-Hoc|ARM.Deploy.0 = Release|Any CPU
		{897AF7D2-8EA2-4881-BB70-481D27DDD8FB}.Ad-Hoc|iPhone.ActiveCfg = Release|Any CPU
		{897AF7D2-8EA2-4881-BB70-481D27DDD8FB}.Ad-Hoc|iPhone.Build.0 = Release|Any CPU
		{897AF7D2-8EA2-4881-BB70-481D27DDD8FB}.Ad-Hoc|iPhone.Deploy.0 = Release|Any CPU
		{897AF7D2-8EA2-4881-BB70-481D27DDD8FB}.Ad-Hoc|iPhoneSimulator.ActiveCfg = Release|Any CPU
		{897AF7D2-8EA2-4881-BB70-481D27DDD8FB}.Ad-Hoc|iPhoneSimulator.Build.0 = Release|Any CPU
		{897AF7D2-8EA2-4881-BB70-481D27DDD8FB}.Ad-Hoc|iPhoneSimulator.Deploy.0 = Release|Any CPU
		{897AF7D2-8EA2-4881-BB70-481D27DDD8FB}.Ad-Hoc|x64.ActiveCfg = Release|Any CPU
		{897AF7D2-8EA2-4881-BB70-481D27DDD8FB}.Ad-Hoc|x64.Build.0 = Release|Any CPU
		{897AF7D2-8EA2-4881-BB70-481D27DDD8FB}.Ad-Hoc|x64.Deploy.0 = Release|Any CPU
		{897AF7D2-8EA2-4881-BB70-481D27DDD8FB}.Ad-Hoc|x86.ActiveCfg = Release|Any CPU
		{897AF7D2-8EA2-4881-BB70-481D27DDD8FB}.Ad-Hoc|x86.Build.0 = Release|Any CPU
		{897AF7D2-8EA2-4881-BB70-481D27DDD8FB}.Ad-Hoc|x86.Deploy.0 = Release|Any CPU
		{897AF7D2-8EA2-4881-BB70-481D27DDD8FB}.AppStore|Any CPU.ActiveCfg = Release|Any CPU
		{897AF7D2-8EA2-4881-BB70-481D27DDD8FB}.AppStore|Any CPU.Build.0 = Release|Any CPU
		{897AF7D2-8EA2-4881-BB70-481D27DDD8FB}.AppStore|Any CPU.Deploy.0 = Release|Any CPU
		{897AF7D2-8EA2-4881-BB70-481D27DDD8FB}.AppStore|ARM.ActiveCfg = Release|Any CPU
		{897AF7D2-8EA2-4881-BB70-481D27DDD8FB}.AppStore|ARM.Build.0 = Release|Any CPU
		{897AF7D2-8EA2-4881-BB70-481D27DDD8FB}.AppStore|ARM.Deploy.0 = Release|Any CPU
		{897AF7D2-8EA2-4881-BB70-481D27DDD8FB}.AppStore|iPhone.ActiveCfg = Release|Any CPU
		{897AF7D2-8EA2-4881-BB70-481D27DDD8FB}.AppStore|iPhone.Build.0 = Release|Any CPU
		{897AF7D2-8EA2-4881-BB70-481D27DDD8FB}.AppStore|iPhone.Deploy.0 = Release|Any CPU
		{897AF7D2-8EA2-4881-BB70-481D27DDD8FB}.AppStore|iPhoneSimulator.ActiveCfg = Release|Any CPU
		{897AF7D2-8EA2-4881-BB70-481D27DDD8FB}.AppStore|iPhoneSimulator.Build.0 = Release|Any CPU
		{897AF7D2-8EA2-4881-BB70-481D27DDD8FB}.AppStore|iPhoneSimulator.Deploy.0 = Release|Any CPU
		{897AF7D2-8EA2-4881-BB70-481D27DDD8FB}.AppStore|x64.ActiveCfg = Release|Any CPU
		{897AF7D2-8EA2-4881-BB70-481D27DDD8FB}.AppStore|x64.Build.0 = Release|Any CPU
		{897AF7D2-8EA2-4881-BB70-481D27DDD8FB}.AppStore|x64.Deploy.0 = Release|Any CPU
		{897AF7D2-8EA2-4881-BB70-481D27DDD8FB}.AppStore|x86.ActiveCfg = Release|Any CPU
		{897AF7D2-8EA2-4881-BB70-481D27DDD8FB}.AppStore|x86.Build.0 = Release|Any CPU
		{897AF7D2-8EA2-4881-BB70-481D27DDD8FB}.AppStore|x86.Deploy.0 = Release|Any CPU
		{897AF7D2-8EA2-4881-BB70-481D27DDD8FB}.Debug|Any CPU.ActiveCfg = Debug|Any CPU
		{897AF7D2-8EA2-4881-BB70-481D27DDD8FB}.Debug|Any CPU.Build.0 = Debug|Any CPU
		{897AF7D2-8EA2-4881-BB70-481D27DDD8FB}.Debug|Any CPU.Deploy.0 = Debug|Any CPU
		{897AF7D2-8EA2-4881-BB70-481D27DDD8FB}.Debug|ARM.ActiveCfg = Debug|Any CPU
		{897AF7D2-8EA2-4881-BB70-481D27DDD8FB}.Debug|ARM.Build.0 = Debug|Any CPU
		{897AF7D2-8EA2-4881-BB70-481D27DDD8FB}.Debug|ARM.Deploy.0 = Debug|Any CPU
		{897AF7D2-8EA2-4881-BB70-481D27DDD8FB}.Debug|iPhone.ActiveCfg = Debug|Any CPU
		{897AF7D2-8EA2-4881-BB70-481D27DDD8FB}.Debug|iPhone.Build.0 = Debug|Any CPU
		{897AF7D2-8EA2-4881-BB70-481D27DDD8FB}.Debug|iPhone.Deploy.0 = Debug|Any CPU
		{897AF7D2-8EA2-4881-BB70-481D27DDD8FB}.Debug|iPhoneSimulator.ActiveCfg = Debug|Any CPU
		{897AF7D2-8EA2-4881-BB70-481D27DDD8FB}.Debug|iPhoneSimulator.Build.0 = Debug|Any CPU
		{897AF7D2-8EA2-4881-BB70-481D27DDD8FB}.Debug|iPhoneSimulator.Deploy.0 = Debug|Any CPU
		{897AF7D2-8EA2-4881-BB70-481D27DDD8FB}.Debug|x64.ActiveCfg = Debug|Any CPU
		{897AF7D2-8EA2-4881-BB70-481D27DDD8FB}.Debug|x64.Build.0 = Debug|Any CPU
		{897AF7D2-8EA2-4881-BB70-481D27DDD8FB}.Debug|x64.Deploy.0 = Debug|Any CPU
		{897AF7D2-8EA2-4881-BB70-481D27DDD8FB}.Debug|x86.ActiveCfg = Debug|Any CPU
		{897AF7D2-8EA2-4881-BB70-481D27DDD8FB}.Debug|x86.Build.0 = Debug|Any CPU
		{897AF7D2-8EA2-4881-BB70-481D27DDD8FB}.Debug|x86.Deploy.0 = Debug|Any CPU
		{897AF7D2-8EA2-4881-BB70-481D27DDD8FB}.Release|Any CPU.ActiveCfg = Release|Any CPU
		{897AF7D2-8EA2-4881-BB70-481D27DDD8FB}.Release|Any CPU.Build.0 = Release|Any CPU
		{897AF7D2-8EA2-4881-BB70-481D27DDD8FB}.Release|Any CPU.Deploy.0 = Release|Any CPU
		{897AF7D2-8EA2-4881-BB70-481D27DDD8FB}.Release|ARM.ActiveCfg = Release|Any CPU
		{897AF7D2-8EA2-4881-BB70-481D27DDD8FB}.Release|ARM.Build.0 = Release|Any CPU
		{897AF7D2-8EA2-4881-BB70-481D27DDD8FB}.Release|ARM.Deploy.0 = Release|Any CPU
		{897AF7D2-8EA2-4881-BB70-481D27DDD8FB}.Release|iPhone.ActiveCfg = Release|Any CPU
		{897AF7D2-8EA2-4881-BB70-481D27DDD8FB}.Release|iPhone.Build.0 = Release|Any CPU
		{897AF7D2-8EA2-4881-BB70-481D27DDD8FB}.Release|iPhone.Deploy.0 = Release|Any CPU
		{897AF7D2-8EA2-4881-BB70-481D27DDD8FB}.Release|iPhoneSimulator.ActiveCfg = Release|Any CPU
		{897AF7D2-8EA2-4881-BB70-481D27DDD8FB}.Release|iPhoneSimulator.Build.0 = Release|Any CPU
		{897AF7D2-8EA2-4881-BB70-481D27DDD8FB}.Release|iPhoneSimulator.Deploy.0 = Release|Any CPU
		{897AF7D2-8EA2-4881-BB70-481D27DDD8FB}.Release|x64.ActiveCfg = Release|Any CPU
		{897AF7D2-8EA2-4881-BB70-481D27DDD8FB}.Release|x64.Build.0 = Release|Any CPU
		{897AF7D2-8EA2-4881-BB70-481D27DDD8FB}.Release|x64.Deploy.0 = Release|Any CPU
		{897AF7D2-8EA2-4881-BB70-481D27DDD8FB}.Release|x86.ActiveCfg = Release|Any CPU
		{897AF7D2-8EA2-4881-BB70-481D27DDD8FB}.Release|x86.Build.0 = Release|Any CPU
		{897AF7D2-8EA2-4881-BB70-481D27DDD8FB}.Release|x86.Deploy.0 = Release|Any CPU
		{F61A571C-8256-4322-BCD3-64D43D8BCB9B}.Ad-Hoc|Any CPU.ActiveCfg = Ad-Hoc|iPhone
		{F61A571C-8256-4322-BCD3-64D43D8BCB9B}.Ad-Hoc|ARM.ActiveCfg = Ad-Hoc|iPhone
		{F61A571C-8256-4322-BCD3-64D43D8BCB9B}.Ad-Hoc|iPhone.ActiveCfg = Ad-Hoc|iPhone
		{F61A571C-8256-4322-BCD3-64D43D8BCB9B}.Ad-Hoc|iPhone.Build.0 = Ad-Hoc|iPhone
		{F61A571C-8256-4322-BCD3-64D43D8BCB9B}.Ad-Hoc|iPhoneSimulator.ActiveCfg = Ad-Hoc|iPhoneSimulator
		{F61A571C-8256-4322-BCD3-64D43D8BCB9B}.Ad-Hoc|iPhoneSimulator.Build.0 = Ad-Hoc|iPhoneSimulator
		{F61A571C-8256-4322-BCD3-64D43D8BCB9B}.Ad-Hoc|x64.ActiveCfg = Ad-Hoc|iPhone
		{F61A571C-8256-4322-BCD3-64D43D8BCB9B}.Ad-Hoc|x86.ActiveCfg = Ad-Hoc|iPhone
		{F61A571C-8256-4322-BCD3-64D43D8BCB9B}.AppStore|Any CPU.ActiveCfg = AppStore|iPhone
		{F61A571C-8256-4322-BCD3-64D43D8BCB9B}.AppStore|ARM.ActiveCfg = AppStore|iPhone
		{F61A571C-8256-4322-BCD3-64D43D8BCB9B}.AppStore|iPhone.ActiveCfg = AppStore|iPhone
		{F61A571C-8256-4322-BCD3-64D43D8BCB9B}.AppStore|iPhone.Build.0 = AppStore|iPhone
		{F61A571C-8256-4322-BCD3-64D43D8BCB9B}.AppStore|iPhoneSimulator.ActiveCfg = AppStore|iPhoneSimulator
		{F61A571C-8256-4322-BCD3-64D43D8BCB9B}.AppStore|iPhoneSimulator.Build.0 = AppStore|iPhoneSimulator
		{F61A571C-8256-4322-BCD3-64D43D8BCB9B}.AppStore|x64.ActiveCfg = AppStore|iPhone
		{F61A571C-8256-4322-BCD3-64D43D8BCB9B}.AppStore|x86.ActiveCfg = AppStore|iPhone
		{F61A571C-8256-4322-BCD3-64D43D8BCB9B}.Debug|Any CPU.ActiveCfg = Debug|iPhone
		{F61A571C-8256-4322-BCD3-64D43D8BCB9B}.Debug|ARM.ActiveCfg = Debug|iPhone
		{F61A571C-8256-4322-BCD3-64D43D8BCB9B}.Debug|iPhone.ActiveCfg = Debug|iPhone
		{F61A571C-8256-4322-BCD3-64D43D8BCB9B}.Debug|iPhone.Build.0 = Debug|iPhone
		{F61A571C-8256-4322-BCD3-64D43D8BCB9B}.Debug|iPhoneSimulator.ActiveCfg = Debug|iPhoneSimulator
		{F61A571C-8256-4322-BCD3-64D43D8BCB9B}.Debug|iPhoneSimulator.Build.0 = Debug|iPhoneSimulator
		{F61A571C-8256-4322-BCD3-64D43D8BCB9B}.Debug|x64.ActiveCfg = Debug|iPhone
		{F61A571C-8256-4322-BCD3-64D43D8BCB9B}.Debug|x86.ActiveCfg = Debug|iPhone
		{F61A571C-8256-4322-BCD3-64D43D8BCB9B}.Release|Any CPU.ActiveCfg = Release|iPhone
		{F61A571C-8256-4322-BCD3-64D43D8BCB9B}.Release|ARM.ActiveCfg = Release|iPhone
		{F61A571C-8256-4322-BCD3-64D43D8BCB9B}.Release|iPhone.ActiveCfg = Release|iPhone
		{F61A571C-8256-4322-BCD3-64D43D8BCB9B}.Release|iPhone.Build.0 = Release|iPhone
		{F61A571C-8256-4322-BCD3-64D43D8BCB9B}.Release|iPhoneSimulator.ActiveCfg = Release|iPhoneSimulator
		{F61A571C-8256-4322-BCD3-64D43D8BCB9B}.Release|iPhoneSimulator.Build.0 = Release|iPhoneSimulator
		{F61A571C-8256-4322-BCD3-64D43D8BCB9B}.Release|x64.ActiveCfg = Release|iPhone
		{F61A571C-8256-4322-BCD3-64D43D8BCB9B}.Release|x86.ActiveCfg = Release|iPhone
		{DE737605-E07A-4772-BECA-B8EAC7E53F81}.Ad-Hoc|Any CPU.ActiveCfg = Release|x86
		{DE737605-E07A-4772-BECA-B8EAC7E53F81}.Ad-Hoc|Any CPU.Build.0 = Release|x86
		{DE737605-E07A-4772-BECA-B8EAC7E53F81}.Ad-Hoc|Any CPU.Deploy.0 = Release|x86
		{DE737605-E07A-4772-BECA-B8EAC7E53F81}.Ad-Hoc|ARM.ActiveCfg = Release|ARM
		{DE737605-E07A-4772-BECA-B8EAC7E53F81}.Ad-Hoc|ARM.Build.0 = Release|ARM
		{DE737605-E07A-4772-BECA-B8EAC7E53F81}.Ad-Hoc|ARM.Deploy.0 = Release|ARM
		{DE737605-E07A-4772-BECA-B8EAC7E53F81}.Ad-Hoc|iPhone.ActiveCfg = Release|x86
		{DE737605-E07A-4772-BECA-B8EAC7E53F81}.Ad-Hoc|iPhone.Build.0 = Release|x86
		{DE737605-E07A-4772-BECA-B8EAC7E53F81}.Ad-Hoc|iPhone.Deploy.0 = Release|x86
		{DE737605-E07A-4772-BECA-B8EAC7E53F81}.Ad-Hoc|iPhoneSimulator.ActiveCfg = Release|x86
		{DE737605-E07A-4772-BECA-B8EAC7E53F81}.Ad-Hoc|iPhoneSimulator.Build.0 = Release|x86
		{DE737605-E07A-4772-BECA-B8EAC7E53F81}.Ad-Hoc|iPhoneSimulator.Deploy.0 = Release|x86
		{DE737605-E07A-4772-BECA-B8EAC7E53F81}.Ad-Hoc|x64.ActiveCfg = Release|x64
		{DE737605-E07A-4772-BECA-B8EAC7E53F81}.Ad-Hoc|x64.Build.0 = Release|x64
		{DE737605-E07A-4772-BECA-B8EAC7E53F81}.Ad-Hoc|x64.Deploy.0 = Release|x64
		{DE737605-E07A-4772-BECA-B8EAC7E53F81}.Ad-Hoc|x86.ActiveCfg = Release|x86
		{DE737605-E07A-4772-BECA-B8EAC7E53F81}.Ad-Hoc|x86.Build.0 = Release|x86
		{DE737605-E07A-4772-BECA-B8EAC7E53F81}.Ad-Hoc|x86.Deploy.0 = Release|x86
		{DE737605-E07A-4772-BECA-B8EAC7E53F81}.AppStore|Any CPU.ActiveCfg = Release|x86
		{DE737605-E07A-4772-BECA-B8EAC7E53F81}.AppStore|Any CPU.Build.0 = Release|x86
		{DE737605-E07A-4772-BECA-B8EAC7E53F81}.AppStore|Any CPU.Deploy.0 = Release|x86
		{DE737605-E07A-4772-BECA-B8EAC7E53F81}.AppStore|ARM.ActiveCfg = Release|ARM
		{DE737605-E07A-4772-BECA-B8EAC7E53F81}.AppStore|ARM.Build.0 = Release|ARM
		{DE737605-E07A-4772-BECA-B8EAC7E53F81}.AppStore|ARM.Deploy.0 = Release|ARM
		{DE737605-E07A-4772-BECA-B8EAC7E53F81}.AppStore|iPhone.ActiveCfg = Release|x86
		{DE737605-E07A-4772-BECA-B8EAC7E53F81}.AppStore|iPhone.Build.0 = Release|x86
		{DE737605-E07A-4772-BECA-B8EAC7E53F81}.AppStore|iPhone.Deploy.0 = Release|x86
		{DE737605-E07A-4772-BECA-B8EAC7E53F81}.AppStore|iPhoneSimulator.ActiveCfg = Release|x86
		{DE737605-E07A-4772-BECA-B8EAC7E53F81}.AppStore|iPhoneSimulator.Build.0 = Release|x86
		{DE737605-E07A-4772-BECA-B8EAC7E53F81}.AppStore|iPhoneSimulator.Deploy.0 = Release|x86
		{DE737605-E07A-4772-BECA-B8EAC7E53F81}.AppStore|x64.ActiveCfg = Release|x64
		{DE737605-E07A-4772-BECA-B8EAC7E53F81}.AppStore|x64.Build.0 = Release|x64
		{DE737605-E07A-4772-BECA-B8EAC7E53F81}.AppStore|x64.Deploy.0 = Release|x64
		{DE737605-E07A-4772-BECA-B8EAC7E53F81}.AppStore|x86.ActiveCfg = Release|x86
		{DE737605-E07A-4772-BECA-B8EAC7E53F81}.AppStore|x86.Build.0 = Release|x86
		{DE737605-E07A-4772-BECA-B8EAC7E53F81}.AppStore|x86.Deploy.0 = Release|x86
		{DE737605-E07A-4772-BECA-B8EAC7E53F81}.Debug|Any CPU.ActiveCfg = Debug|x86
		{DE737605-E07A-4772-BECA-B8EAC7E53F81}.Debug|ARM.ActiveCfg = Debug|ARM
		{DE737605-E07A-4772-BECA-B8EAC7E53F81}.Debug|ARM.Build.0 = Debug|ARM
		{DE737605-E07A-4772-BECA-B8EAC7E53F81}.Debug|ARM.Deploy.0 = Debug|ARM
		{DE737605-E07A-4772-BECA-B8EAC7E53F81}.Debug|iPhone.ActiveCfg = Debug|x86
		{DE737605-E07A-4772-BECA-B8EAC7E53F81}.Debug|iPhoneSimulator.ActiveCfg = Debug|x86
		{DE737605-E07A-4772-BECA-B8EAC7E53F81}.Debug|x64.ActiveCfg = Debug|x64
		{DE737605-E07A-4772-BECA-B8EAC7E53F81}.Debug|x64.Build.0 = Debug|x64
		{DE737605-E07A-4772-BECA-B8EAC7E53F81}.Debug|x64.Deploy.0 = Debug|x64
		{DE737605-E07A-4772-BECA-B8EAC7E53F81}.Debug|x86.ActiveCfg = Debug|x86
		{DE737605-E07A-4772-BECA-B8EAC7E53F81}.Debug|x86.Build.0 = Debug|x86
		{DE737605-E07A-4772-BECA-B8EAC7E53F81}.Debug|x86.Deploy.0 = Debug|x86
		{DE737605-E07A-4772-BECA-B8EAC7E53F81}.Release|Any CPU.ActiveCfg = Release|x86
		{DE737605-E07A-4772-BECA-B8EAC7E53F81}.Release|ARM.ActiveCfg = Release|ARM
		{DE737605-E07A-4772-BECA-B8EAC7E53F81}.Release|ARM.Build.0 = Release|ARM
		{DE737605-E07A-4772-BECA-B8EAC7E53F81}.Release|ARM.Deploy.0 = Release|ARM
		{DE737605-E07A-4772-BECA-B8EAC7E53F81}.Release|iPhone.ActiveCfg = Release|x86
		{DE737605-E07A-4772-BECA-B8EAC7E53F81}.Release|iPhoneSimulator.ActiveCfg = Release|x86
		{DE737605-E07A-4772-BECA-B8EAC7E53F81}.Release|x64.ActiveCfg = Release|x64
		{DE737605-E07A-4772-BECA-B8EAC7E53F81}.Release|x64.Build.0 = Release|x64
		{DE737605-E07A-4772-BECA-B8EAC7E53F81}.Release|x64.Deploy.0 = Release|x64
		{DE737605-E07A-4772-BECA-B8EAC7E53F81}.Release|x86.ActiveCfg = Release|x86
		{DE737605-E07A-4772-BECA-B8EAC7E53F81}.Release|x86.Build.0 = Release|x86
		{DE737605-E07A-4772-BECA-B8EAC7E53F81}.Release|x86.Deploy.0 = Release|x86
		{9968FB5D-72ED-412F-8F64-5B3A955E5413}.Ad-Hoc|Any CPU.ActiveCfg = Release|Any CPU
		{9968FB5D-72ED-412F-8F64-5B3A955E5413}.Ad-Hoc|Any CPU.Build.0 = Release|Any CPU
		{9968FB5D-72ED-412F-8F64-5B3A955E5413}.Ad-Hoc|ARM.ActiveCfg = Release|Any CPU
		{9968FB5D-72ED-412F-8F64-5B3A955E5413}.Ad-Hoc|ARM.Build.0 = Release|Any CPU
		{9968FB5D-72ED-412F-8F64-5B3A955E5413}.Ad-Hoc|iPhone.ActiveCfg = Release|Any CPU
		{9968FB5D-72ED-412F-8F64-5B3A955E5413}.Ad-Hoc|iPhone.Build.0 = Release|Any CPU
		{9968FB5D-72ED-412F-8F64-5B3A955E5413}.Ad-Hoc|iPhoneSimulator.ActiveCfg = Release|Any CPU
		{9968FB5D-72ED-412F-8F64-5B3A955E5413}.Ad-Hoc|iPhoneSimulator.Build.0 = Release|Any CPU
		{9968FB5D-72ED-412F-8F64-5B3A955E5413}.Ad-Hoc|x64.ActiveCfg = Release|Any CPU
		{9968FB5D-72ED-412F-8F64-5B3A955E5413}.Ad-Hoc|x64.Build.0 = Release|Any CPU
		{9968FB5D-72ED-412F-8F64-5B3A955E5413}.Ad-Hoc|x86.ActiveCfg = Release|Any CPU
		{9968FB5D-72ED-412F-8F64-5B3A955E5413}.Ad-Hoc|x86.Build.0 = Release|Any CPU
		{9968FB5D-72ED-412F-8F64-5B3A955E5413}.AppStore|Any CPU.ActiveCfg = Release|Any CPU
		{9968FB5D-72ED-412F-8F64-5B3A955E5413}.AppStore|Any CPU.Build.0 = Release|Any CPU
		{9968FB5D-72ED-412F-8F64-5B3A955E5413}.AppStore|ARM.ActiveCfg = Release|Any CPU
		{9968FB5D-72ED-412F-8F64-5B3A955E5413}.AppStore|ARM.Build.0 = Release|Any CPU
		{9968FB5D-72ED-412F-8F64-5B3A955E5413}.AppStore|iPhone.ActiveCfg = Release|Any CPU
		{9968FB5D-72ED-412F-8F64-5B3A955E5413}.AppStore|iPhone.Build.0 = Release|Any CPU
		{9968FB5D-72ED-412F-8F64-5B3A955E5413}.AppStore|iPhoneSimulator.ActiveCfg = Release|Any CPU
		{9968FB5D-72ED-412F-8F64-5B3A955E5413}.AppStore|iPhoneSimulator.Build.0 = Release|Any CPU
		{9968FB5D-72ED-412F-8F64-5B3A955E5413}.AppStore|x64.ActiveCfg = Release|Any CPU
		{9968FB5D-72ED-412F-8F64-5B3A955E5413}.AppStore|x64.Build.0 = Release|Any CPU
		{9968FB5D-72ED-412F-8F64-5B3A955E5413}.AppStore|x86.ActiveCfg = Release|Any CPU
		{9968FB5D-72ED-412F-8F64-5B3A955E5413}.AppStore|x86.Build.0 = Release|Any CPU
		{9968FB5D-72ED-412F-8F64-5B3A955E5413}.Debug|Any CPU.ActiveCfg = Debug|Any CPU
		{9968FB5D-72ED-412F-8F64-5B3A955E5413}.Debug|Any CPU.Build.0 = Debug|Any CPU
		{9968FB5D-72ED-412F-8F64-5B3A955E5413}.Debug|ARM.ActiveCfg = Debug|Any CPU
		{9968FB5D-72ED-412F-8F64-5B3A955E5413}.Debug|ARM.Build.0 = Debug|Any CPU
		{9968FB5D-72ED-412F-8F64-5B3A955E5413}.Debug|iPhone.ActiveCfg = Debug|Any CPU
		{9968FB5D-72ED-412F-8F64-5B3A955E5413}.Debug|iPhone.Build.0 = Debug|Any CPU
		{9968FB5D-72ED-412F-8F64-5B3A955E5413}.Debug|iPhoneSimulator.ActiveCfg = Debug|Any CPU
		{9968FB5D-72ED-412F-8F64-5B3A955E5413}.Debug|iPhoneSimulator.Build.0 = Debug|Any CPU
		{9968FB5D-72ED-412F-8F64-5B3A955E5413}.Debug|x64.ActiveCfg = Debug|Any CPU
		{9968FB5D-72ED-412F-8F64-5B3A955E5413}.Debug|x64.Build.0 = Debug|Any CPU
		{9968FB5D-72ED-412F-8F64-5B3A955E5413}.Debug|x86.ActiveCfg = Debug|Any CPU
		{9968FB5D-72ED-412F-8F64-5B3A955E5413}.Debug|x86.Build.0 = Debug|Any CPU
		{9968FB5D-72ED-412F-8F64-5B3A955E5413}.Release|Any CPU.ActiveCfg = Release|Any CPU
		{9968FB5D-72ED-412F-8F64-5B3A955E5413}.Release|Any CPU.Build.0 = Release|Any CPU
		{9968FB5D-72ED-412F-8F64-5B3A955E5413}.Release|ARM.ActiveCfg = Release|Any CPU
		{9968FB5D-72ED-412F-8F64-5B3A955E5413}.Release|ARM.Build.0 = Release|Any CPU
		{9968FB5D-72ED-412F-8F64-5B3A955E5413}.Release|iPhone.ActiveCfg = Release|Any CPU
		{9968FB5D-72ED-412F-8F64-5B3A955E5413}.Release|iPhone.Build.0 = Release|Any CPU
		{9968FB5D-72ED-412F-8F64-5B3A955E5413}.Release|iPhoneSimulator.ActiveCfg = Release|Any CPU
		{9968FB5D-72ED-412F-8F64-5B3A955E5413}.Release|iPhoneSimulator.Build.0 = Release|Any CPU
		{9968FB5D-72ED-412F-8F64-5B3A955E5413}.Release|x64.ActiveCfg = Release|Any CPU
		{9968FB5D-72ED-412F-8F64-5B3A955E5413}.Release|x64.Build.0 = Release|Any CPU
		{9968FB5D-72ED-412F-8F64-5B3A955E5413}.Release|x86.ActiveCfg = Release|Any CPU
		{9968FB5D-72ED-412F-8F64-5B3A955E5413}.Release|x86.Build.0 = Release|Any CPU
	EndGlobalSection
	GlobalSection(SolutionProperties) = preSolution
		HideSolutionNode = FALSE
	EndGlobalSection
EndGlobal
